{
  "name": "cson",
  "version": "8.4.0",
  "lockfileVersion": 3,
  "requires": true,
  "packages": {
    "": {
      "name": "cson",
      "version": "8.4.0",
      "license": "Artistic-2.0",
      "dependencies": {
        "cson-parser": "^4.0.9",
        "extract-opts": "^5.8.0",
        "requirefresh": "^5.13.0",
        "safefs": "^8.9.0"
      },
      "bin": {
        "cson": "bin.cjs",
        "cson2json": "bin.cjs",
        "json2cson": "bin.cjs"
      },
      "devDependencies": {
        "assert-helpers": "^11.12.0",
        "coffeelint": "^2.1.0",
        "coffeescript": "^2.7.0",
        "kava": "^7.8.0",
        "projectz": "^4.1.1",
        "safeps": "^11.6.0",
        "valid-directory": "^4.8.0"
      },
      "engines": {
        "node": ">=6"
      },
      "funding": {
        "url": "https://bevry.me/fund"
      }
    },
    "node_modules/@bevry/ansi": {
      "version": "6.9.0",
      "resolved": "https://registry.npmjs.org/@bevry/ansi/-/ansi-6.9.0.tgz",
      "integrity": "sha512-0XF5KVdRyjtw5+iVWBeEFOVvnKyQd/V8wSNYRDdWdvLvebzHw8UUkO6Iea78m7yevXZ99oHpv/6F7agdIG6t2g==",
      "dev": true,
      "dependencies": {
        "editions": "^6.20.0"
      },
      "engines": {
        "node": ">=4"
      },
      "funding": {
        "url": "https://bevry.me/fund"
      }
    },
    "node_modules/@bevry/argument": {
      "version": "1.2.0",
      "resolved": "https://registry.npmjs.org/@bevry/argument/-/argument-1.2.0.tgz",
      "integrity": "sha512-kVMvCrAXMHlTIxUzwVtcIh69eEXEsmnx2PEwOHZz2n5pb6PXXdMvLW9uMO0Gi2qfqdTJoLtFe5DeZeGKn78IxQ==",
      "dev": true,
      "dependencies": {
        "errlop": "^8.4.0"
      },
      "engines": {
        "node": ">=4"
      },
      "funding": {
        "url": "https://bevry.me/fund"
      }
    },
    "node_modules/@bevry/fs-accessible": {
      "version": "2.5.0",
      "resolved": "https://registry.npmjs.org/@bevry/fs-accessible/-/fs-accessible-2.5.0.tgz",
      "integrity": "sha512-26z3V6kklpPRQ8M4U4zSRWMgMztsYVxBWM95ZNkFqeMsbNEQoUy8KnxmauhqKHG8FGODd/5hZN4N9fkajJLGYQ==",
      "dev": true,
      "dependencies": {
        "editions": "^6.21.0"
      },
      "engines": {
        "node": ">=4"
      },
      "funding": {
        "url": "https://bevry.me/fund"
      }
    },
    "node_modules/@bevry/fs-list": {
      "version": "2.6.0",
      "resolved": "https://registry.npmjs.org/@bevry/fs-list/-/fs-list-2.6.0.tgz",
      "integrity": "sha512-O0mqCm9/ajbyiOegZ0Wt6i5iMpIA3/eRP11a7yrRV/aoESlIjOKTalfQGXTICBvyIYnVGhPmsZCC9bI38lDB7A==",
      "dev": true,
      "dependencies": {
        "@bevry/fs-accessible": "^2.5.0",
        "editions": "^6.21.0",
        "errlop": "^8.4.0",
        "version-compare": "^3.10.0"
      },
      "engines": {
        "node": ">=4"
      },
      "funding": {
        "url": "https://bevry.me/fund"
      }
    },
    "node_modules/@bevry/fs-mkdirp": {
      "version": "1.6.0",
      "resolved": "https://registry.npmjs.org/@bevry/fs-mkdirp/-/fs-mkdirp-1.6.0.tgz",
      "integrity": "sha512-7oSExHck8ccH13BsZlS5yPHQsitndAlwefIYqohA2tnxWwiNHfQ7glMZtfVKZ633rWyA6azHDei/6Q86deYJ9Q==",
      "dev": true,
      "dependencies": {
        "@bevry/fs-accessible": "^2.5.0",
        "editions": "^6.21.0",
        "errlop": "^8.4.0",
        "version-compare": "^3.10.0"
      },
      "engines": {
        "node": ">=4"
      },
      "funding": {
        "url": "https://bevry.me/fund"
      }
    },
    "node_modules/@bevry/fs-read": {
      "version": "1.6.0",
      "resolved": "https://registry.npmjs.org/@bevry/fs-read/-/fs-read-1.6.0.tgz",
      "integrity": "sha512-ZgF2UdsY4ZiWLaJETFy/JeQu0xH+Xjo60G1gDRc5wzUPllFhFhgbxuqQbfT6+YTn/wpFBzmqsb5+YFJbZdJQ9Q==",
      "dev": true,
      "dependencies": {
        "@bevry/fs-accessible": "^2.5.0",
        "editions": "^6.21.0",
        "errlop": "^8.4.0"
      },
      "engines": {
        "node": ">=4"
      },
      "funding": {
        "url": "https://bevry.me/fund"
      }
    },
    "node_modules/@bevry/fs-readable": {
      "version": "2.5.0",
      "resolved": "https://registry.npmjs.org/@bevry/fs-readable/-/fs-readable-2.5.0.tgz",
      "integrity": "sha512-NTHG+xYRWRDCLawrhUJEjmDQrMIpTJiLSlMbT3yWitHZpeQSDEdD7XgI4Zh0U0MhOtJBrRBG6JOHS33c15AlHg==",
      "dev": true,
      "dependencies": {
        "@bevry/fs-accessible": "^2.5.0",
        "editions": "^6.21.0"
      },
      "engines": {
        "node": ">=4"
      },
      "funding": {
        "url": "https://bevry.me/fund"
      }
    },
    "node_modules/@bevry/fs-unlink": {
      "version": "1.6.0",
      "resolved": "https://registry.npmjs.org/@bevry/fs-unlink/-/fs-unlink-1.6.0.tgz",
      "integrity": "sha512-QgBbjuhIj4Egc6Anfb9WKJnHTHFGdmznMp19vCHuaT0qEU+2bGLDxQnTbc+mjDUADGY2rXhcSHdeM3euPUE0xA==",
      "dev": true,
      "dependencies": {
        "@bevry/fs-accessible": "^2.5.0",
        "editions": "^6.21.0",
        "errlop": "^8.4.0"
      },
      "engines": {
        "node": ">=4"
      },
      "funding": {
        "url": "https://bevry.me/fund"
      }
    },
    "node_modules/@bevry/fs-write": {
      "version": "1.6.0",
      "resolved": "https://registry.npmjs.org/@bevry/fs-write/-/fs-write-1.6.0.tgz",
      "integrity": "sha512-LldYhDchtX/RY5sg+bloJVhrfHQ/gBzL/4iPD+94zdA31P2xO69B+PJCsgOOrvhejMiPmAhSA5zsoxOGi1Q0Hw==",
      "dev": true,
      "dependencies": {
        "@bevry/fs-accessible": "^2.5.0",
        "@bevry/fs-mkdirp": "^1.6.0",
        "editions": "^6.21.0",
        "errlop": "^8.4.0"
      },
      "engines": {
        "node": ">=4"
      },
      "funding": {
        "url": "https://bevry.me/fund"
      }
    },
    "node_modules/@bevry/github-api": {
      "version": "11.3.3",
      "resolved": "https://registry.npmjs.org/@bevry/github-api/-/github-api-11.3.3.tgz",
      "integrity": "sha512-sbZ1YsopkKmAG7oA9rQzpaotfAXMdx4REO8SbeSjF7mWLvcj89IGhASCWpg+CHgVlN4V6kq/T6p3fHl6BQvuvA==",
      "dev": true,
      "dependencies": {
        "@bevry/argument": "^1.1.0",
        "@bevry/fs-readable": "^2.4.0",
        "@bevry/json": "^2.3.0",
        "@bevry/list": "^2.4.0",
        "@bevry/wait": "^2.5.0",
        "@octokit/graphql": "^7.0.2",
        "arrange-package-json": "^5.1.0",
        "errlop": "^8.4.0",
        "fellow": "^7.1.2",
        "js-yaml": "^4.1.0",
        "native-promise-pool": "^3.27.0",
        "simplytyped": "^3.3.0",
        "trim-empty-keys": "^1.1.0"
      },
      "bin": {
        "github-backers": "bin.cjs"
      },
      "engines": {
        "node": ">=18"
      },
      "funding": {
        "url": "https://bevry.me/fund"
      }
    },
    "node_modules/@bevry/json": {
      "version": "2.4.0",
      "resolved": "https://registry.npmjs.org/@bevry/json/-/json-2.4.0.tgz",
      "integrity": "sha512-k1o7AwpGpwQdC798xc54eK1Tuto8rQVojJjT47TqAAr/9YPUtf08Iix7nhelqinv3M6dooABoohh389HBoeETQ==",
      "dev": true,
      "dependencies": {
        "@bevry/fs-read": "^1.6.0",
        "@bevry/fs-unlink": "^1.6.0",
        "@bevry/fs-write": "^1.6.0",
        "editions": "^6.21.0",
        "errlop": "^8.4.0"
      },
      "engines": {
        "node": ">=4"
      },
      "funding": {
        "url": "https://bevry.me/fund"
      }
    },
    "node_modules/@bevry/list": {
      "version": "2.4.0",
      "resolved": "https://registry.npmjs.org/@bevry/list/-/list-2.4.0.tgz",
      "integrity": "sha512-epnjQ/Xi3TOPiXwRr74zZ5oAiSBoILpaeKw5rQg8qBSJh27KuiVmc04iPWpJ9f5tFesCv0dy8A4SKUob5iVTUw==",
      "dev": true,
      "dependencies": {
        "editions": "^6.20.0"
      },
      "engines": {
        "node": ">=4"
      },
      "funding": {
        "url": "https://bevry.me/fund"
      }
    },
    "node_modules/@bevry/render": {
      "version": "1.2.0",
      "resolved": "https://registry.npmjs.org/@bevry/render/-/render-1.2.0.tgz",
      "integrity": "sha512-Hpe5ruDr0V0XiN2025fKqcTJr/qstX03uf+/XxG7s2Id9oWmYbIARQpzjQnq00thd8txYl+R5EtFDz8TO79q1Q==",
      "dev": true,
      "engines": {
        "node": ">=4"
      },
      "funding": {
        "url": "https://bevry.me/fund"
      }
    },
    "node_modules/@bevry/valid-filename": {
      "version": "2.6.0",
      "resolved": "https://registry.npmjs.org/@bevry/valid-filename/-/valid-filename-2.6.0.tgz",
      "integrity": "sha512-p5sl7sUGPbScN99KITIvuKWul9ICuYuXCAz5VjKoUC1fFllU1h2nB1bQYOkZNi0TLCWtk5LIdAg73fPxqgWyXw==",
      "dev": true,
      "bin": {
        "valid-filename": "bin.cjs"
      },
      "engines": {
        "node": ">=4"
      },
      "funding": {
        "url": "https://bevry.me/fund"
      }
    },
    "node_modules/@bevry/wait": {
      "version": "2.6.0",
      "resolved": "https://registry.npmjs.org/@bevry/wait/-/wait-2.6.0.tgz",
      "integrity": "sha512-RswBYspXtm6WoyMsRbsITxqmMCIa6SJ8kZOMeN303kcD/6dda9KJbEd/Hl1Ft7GXaagr4LeGihRlQ7FvgBD2+g==",
      "dev": true,
      "engines": {
        "node": ">=4"
      },
      "funding": {
        "url": "https://bevry.me/fund"
      }
    },
    "node_modules/@octokit/endpoint": {
      "version": "9.0.4",
      "resolved": "https://registry.npmjs.org/@octokit/endpoint/-/endpoint-9.0.4.tgz",
      "integrity": "sha512-DWPLtr1Kz3tv8L0UvXTDP1fNwM0S+z6EJpRcvH66orY6Eld4XBMCSYsaWp4xIm61jTWxK68BrR7ibO+vSDnZqw==",
      "dev": true,
      "dependencies": {
        "@octokit/types": "^12.0.0",
        "universal-user-agent": "^6.0.0"
      },
      "engines": {
        "node": ">= 18"
      }
    },
    "node_modules/@octokit/graphql": {
      "version": "7.0.2",
      "resolved": "https://registry.npmjs.org/@octokit/graphql/-/graphql-7.0.2.tgz",
      "integrity": "sha512-OJ2iGMtj5Tg3s6RaXH22cJcxXRi7Y3EBqbHTBRq+PQAqfaS8f/236fUrWhfSn8P4jovyzqucxme7/vWSSZBX2Q==",
      "dev": true,
      "dependencies": {
        "@octokit/request": "^8.0.1",
        "@octokit/types": "^12.0.0",
        "universal-user-agent": "^6.0.0"
      },
      "engines": {
        "node": ">= 18"
      }
    },
    "node_modules/@octokit/openapi-types": {
      "version": "19.1.0",
      "resolved": "https://registry.npmjs.org/@octokit/openapi-types/-/openapi-types-19.1.0.tgz",
      "integrity": "sha512-6G+ywGClliGQwRsjvqVYpklIfa7oRPA0vyhPQG/1Feh+B+wU0vGH1JiJ5T25d3g1JZYBHzR2qefLi9x8Gt+cpw==",
      "dev": true
    },
    "node_modules/@octokit/request": {
      "version": "8.1.6",
      "resolved": "https://registry.npmjs.org/@octokit/request/-/request-8.1.6.tgz",
      "integrity": "sha512-YhPaGml3ncZC1NfXpP3WZ7iliL1ap6tLkAp6MvbK2fTTPytzVUyUesBBogcdMm86uRYO5rHaM1xIWxigWZ17MQ==",
      "dev": true,
      "dependencies": {
        "@octokit/endpoint": "^9.0.0",
        "@octokit/request-error": "^5.0.0",
        "@octokit/types": "^12.0.0",
        "universal-user-agent": "^6.0.0"
      },
      "engines": {
        "node": ">= 18"
      }
    },
    "node_modules/@octokit/request-error": {
      "version": "5.0.1",
      "resolved": "https://registry.npmjs.org/@octokit/request-error/-/request-error-5.0.1.tgz",
      "integrity": "sha512-X7pnyTMV7MgtGmiXBwmO6M5kIPrntOXdyKZLigNfQWSEQzVxR4a4vo49vJjTWX70mPndj8KhfT4Dx+2Ng3vnBQ==",
      "dev": true,
      "dependencies": {
        "@octokit/types": "^12.0.0",
        "deprecation": "^2.0.0",
        "once": "^1.4.0"
      },
      "engines": {
        "node": ">= 18"
      }
    },
    "node_modules/@octokit/types": {
      "version": "12.4.0",
      "resolved": "https://registry.npmjs.org/@octokit/types/-/types-12.4.0.tgz",
      "integrity": "sha512-FLWs/AvZllw/AGVs+nJ+ELCDZZJk+kY0zMen118xhL2zD0s1etIUHm1odgjP7epxYU1ln7SZxEUWYop5bhsdgQ==",
      "dev": true,
      "dependencies": {
        "@octokit/openapi-types": "^19.1.0"
      }
    },
    "node_modules/ambi": {
      "version": "3.2.0",
      "resolved": "https://registry.npmjs.org/ambi/-/ambi-3.2.0.tgz",
      "integrity": "sha512-nj5sHLPFd7u2OLmHdFs4DHt3gK6edpNw35hTRIKyI/Vd2Th5e4io50rw1lhmCdUNO2Mm4/4FkHmv6shEANAWcw==",
      "dev": true,
      "dependencies": {
        "editions": "^2.1.0",
        "typechecker": "^4.3.0"
      },
      "engines": {
        "node": ">=0.8"
      }
    },
    "node_modules/ambi/node_modules/editions": {
      "version": "2.3.1",
      "resolved": "https://registry.npmjs.org/editions/-/editions-2.3.1.tgz",
      "integrity": "sha512-ptGvkwTvGdGfC0hfhKg0MT+TRLRKGtUiWGBInxOm5pz7ssADezahjCUaYuZ8Dr+C05FW0AECIIPt4WBxVINEhA==",
      "dev": true,
      "dependencies": {
        "errlop": "^2.0.0",
        "semver": "^6.3.0"
      },
      "engines": {
        "node": ">=0.8"
      },
      "funding": {
        "url": "https://bevry.me/fund"
      }
    },
    "node_modules/ambi/node_modules/errlop": {
      "version": "2.2.0",
      "resolved": "https://registry.npmjs.org/errlop/-/errlop-2.2.0.tgz",
      "integrity": "sha512-e64Qj9+4aZzjzzFpZC7p5kmm/ccCrbLhAJplhsDXQFs87XTsXwOpH4s1Io2s90Tau/8r2j9f4l/thhDevRjzxw==",
      "dev": true,
      "engines": {
        "node": ">=0.8"
      },
      "funding": {
        "url": "https://bevry.me/fund"
      }
    },
    "node_modules/ambi/node_modules/typechecker": {
      "version": "4.11.0",
      "resolved": "https://registry.npmjs.org/typechecker/-/typechecker-4.11.0.tgz",
      "integrity": "sha512-lz39Mc/d1UBcF/uQFL5P8L+oWdIn/stvkUgHf0tPRW4aEwGGErewNXo2Nb6We2WslWifn00rhcHbbRWRcTGhuw==",
      "dev": true,
      "dependencies": {
        "editions": "^2.2.0"
      },
      "engines": {
        "node": ">=0.8"
      },
      "funding": {
        "url": "https://bevry.me/fund"
      }
    },
    "node_modules/argparse": {
      "version": "2.0.1",
      "resolved": "https://registry.npmjs.org/argparse/-/argparse-2.0.1.tgz",
      "integrity": "sha512-8+9WqebbFzpX9OR+Wa6O29asIogeRMzcGtAINdpMHHyAg10f05aSFVBbcEqGf/PXw1EjAZ+q2/bEBg3DvurK3Q==",
      "dev": true
    },
    "node_modules/arrange-package-json": {
      "version": "5.2.0",
      "resolved": "https://registry.npmjs.org/arrange-package-json/-/arrange-package-json-5.2.0.tgz",
      "integrity": "sha512-wCDmparOOlTTpR7Gr3r7XW2LJEhzDwqlV6ytBNJTOo92ErsbO6AuI8Sf6AsLvT2mv41juhl7IDOOWgfJlGb0oQ==",
      "dev": true,
      "dependencies": {
        "arrangekeys": "^6.7.0",
        "editions": "^6.21.0"
      },
      "engines": {
        "node": ">=4"
      },
      "funding": {
        "url": "https://bevry.me/fund"
      }
    },
    "node_modules/arrangekeys": {
      "version": "6.7.0",
      "resolved": "https://registry.npmjs.org/arrangekeys/-/arrangekeys-6.7.0.tgz",
      "integrity": "sha512-BaB49iPe6WO7cvCgucT8o5FI6WnygDLlrGemuwdMWjIb5yVkGwdh0sT9pKeZRsNWEyPrejlu2jo5b6E8B2Hzww==",
      "dev": true,
      "engines": {
        "node": ">=4"
      },
      "funding": {
        "url": "https://bevry.me/fund"
      }
    },
    "node_modules/assert-helpers": {
      "version": "11.12.0",
      "resolved": "https://registry.npmjs.org/assert-helpers/-/assert-helpers-11.12.0.tgz",
      "integrity": "sha512-IpvFzGOc6M3zgZYqa+OxGZ9piO0GFtHzZl1wIR+0Wt7S4YhBabycAqG+rd/WWX+99Sv7Fd766IiJ0I2RgMN4hg==",
      "dev": true,
      "dependencies": {
        "@bevry/ansi": "^6.9.0",
        "editions": "^6.20.0",
        "errlop": "^8.4.0"
      },
      "engines": {
        "node": ">=4"
      },
      "funding": {
        "url": "https://bevry.me/fund"
      }
    },
    "node_modules/badges": {
      "version": "4.40.0",
      "resolved": "https://registry.npmjs.org/badges/-/badges-4.40.0.tgz",
      "integrity": "sha512-PjeBM7oVzkcLDv62aQZZGOB1NPOzPRAoJr6cxDRFfeYxjK7tSOtNkOvcWxxAUZLpXTS3G6K+QmwyrEhLfbWNoA==",
      "dev": true,
      "engines": {
        "node": ">=10"
      },
      "funding": {
        "url": "https://bevry.me/fund"
      }
    },
    "node_modules/balanced-match": {
      "version": "1.0.2",
      "resolved": "https://registry.npmjs.org/balanced-match/-/balanced-match-1.0.2.tgz",
      "integrity": "sha512-3oSeUO0TMV67hN1AmbXsK4yaqU7tjiHlbxRDZOpH0KW9+CeX4bRAaX0Anxt0tx2MrpRpWwQaPwIlISEJhYU5Pw==",
      "dev": true
    },
    "node_modules/brace-expansion": {
      "version": "1.1.11",
      "resolved": "https://registry.npmjs.org/brace-expansion/-/brace-expansion-1.1.11.tgz",
      "integrity": "sha512-iCuPHDFgrHX7H2vEI/5xpz07zSHB00TpugqhmYtVmMO6518mCuRMoOYFldEBl0g187ufozdaHgWKcYFb61qGiA==",
      "dev": true,
      "dependencies": {
        "balanced-match": "^1.0.0",
        "concat-map": "0.0.1"
      }
    },
    "node_modules/caterpillar": {
      "version": "8.2.0",
      "resolved": "https://registry.npmjs.org/caterpillar/-/caterpillar-8.2.0.tgz",
      "integrity": "sha512-c7qv+EwyVIGjDb4XG+jen7oQ/J1MEkEmYeIkmFIGjnfDrlNaj+nOHwGldjmy38iQBHBuKKLj2u15Agv0rTZyPw==",
      "dev": true,
      "dependencies": {
        "@bevry/ansi": "^6.9.0",
        "editions": "^6.21.0",
        "get-current-line": "^7.3.0",
        "rfc-log-levels": "^4.2.0"
      },
      "engines": {
        "node": ">=4"
      },
      "funding": {
        "url": "https://bevry.me/fund"
      }
    },
    "node_modules/coffeelint": {
      "version": "2.1.0",
      "resolved": "https://registry.npmjs.org/coffeelint/-/coffeelint-2.1.0.tgz",
      "integrity": "sha512-NrIRAGccExoRK+NtM3uz1DHZEk3woAVp92I+BBhUJDGlN0raMSHRc0/d77MLcxr1z+OQ5YiOLINPEA/JyG2zyA==",
      "dev": true,
      "dependencies": {
        "coffeescript": "^2.1.0",
        "glob": "^7.0.6",
        "ignore": "^3.0.9",
        "optimist": "^0.6.1",
        "resolve": "^0.6.3",
        "strip-json-comments": "^1.0.2"
      },
      "bin": {
        "coffeelint": "bin/coffeelint"
      },
      "engines": {
        "node": ">=6.9.1",
        "npm": ">=1.3.7"
      }
    },
    "node_modules/coffeescript": {
      "version": "2.7.0",
      "resolved": "https://registry.npmjs.org/coffeescript/-/coffeescript-2.7.0.tgz",
      "integrity": "sha512-hzWp6TUE2d/jCcN67LrW1eh5b/rSDKQK6oD6VMLlggYVUUFexgTH9z3dNYihzX4RMhze5FTUsUmOXViJKFQR/A==",
      "dev": true,
      "bin": {
        "cake": "bin/cake",
        "coffee": "bin/coffee"
      },
      "engines": {
        "node": ">=6"
      }
    },
    "node_modules/concat-map": {
      "version": "0.0.1",
      "resolved": "https://registry.npmjs.org/concat-map/-/concat-map-0.0.1.tgz",
      "integrity": "sha512-/Srv4dswyQNBfohGpz9o6Yb3Gz3SrUDqBH5rTuhGR7ahtlbYKnVxw2bCFMRljaA7EXHaXZ8wsHdodFvbkhKmqg==",
      "dev": true
    },
    "node_modules/cson-parser": {
      "version": "4.0.9",
      "resolved": "https://registry.npmjs.org/cson-parser/-/cson-parser-4.0.9.tgz",
      "integrity": "sha512-I79SAcCYquWnEfXYj8hBqOOWKj6eH6zX1hhX3yqmS4K3bYp7jME3UFpHPzu3rUew0oyfc0s8T6IlWGXRAheHag==",
      "dependencies": {
        "coffeescript": "1.12.7"
      },
      "engines": {
        "node": ">=10.13"
      }
    },
    "node_modules/cson-parser/node_modules/coffeescript": {
      "version": "1.12.7",
      "resolved": "https://registry.npmjs.org/coffeescript/-/coffeescript-1.12.7.tgz",
      "integrity": "sha512-pLXHFxQMPklVoEekowk8b3erNynC+DVJzChxS/LCBBgR6/8AJkHivkm//zbowcfc7BTCAjryuhx6gPqPRfsFoA==",
      "bin": {
        "cake": "bin/cake",
        "coffee": "bin/coffee"
      },
      "engines": {
        "node": ">=0.8.0"
      }
    },
    "node_modules/deprecation": {
      "version": "2.3.1",
      "resolved": "https://registry.npmjs.org/deprecation/-/deprecation-2.3.1.tgz",
      "integrity": "sha512-xmHIy4F3scKVwMsQ4WnVaS8bHOx0DmVwRywosKhaILI0ywMDWPtBSku2HNxRvF7jtwDRsoEwYQSfbxj8b7RlJQ==",
      "dev": true
    },
    "node_modules/eachr": {
      "version": "7.4.0",
      "resolved": "https://registry.npmjs.org/eachr/-/eachr-7.4.0.tgz",
      "integrity": "sha512-d6v/ERRrwxZ5oNHJz2Z5Oouge0Xc3rFxeaGNHjAhTDUCkLhy8t583ieH9/Qop1UNDTcZXOSEs8dqawmbHaEEkA==",
      "dependencies": {
        "editions": "^6.21.0",
        "typechecker": "^9.3.0"
      },
      "engines": {
        "node": ">=4"
      },
      "funding": {
        "url": "https://bevry.me/fund"
      }
    },
    "node_modules/editions": {
      "version": "6.21.0",
      "resolved": "https://registry.npmjs.org/editions/-/editions-6.21.0.tgz",
      "integrity": "sha512-ofkXJtn7z0urokN62DI3SBo/5xAtF0rR7tn+S/bSYV79Ka8pTajIIl+fFQ1q88DQEImymmo97M4azY3WX/nUdg==",
      "dependencies": {
        "version-range": "^4.13.0"
      },
      "engines": {
        "node": ">=4"
      },
      "funding": {
        "url": "https://bevry.me/fund"
      }
    },
    "node_modules/errlop": {
      "version": "8.4.0",
      "resolved": "https://registry.npmjs.org/errlop/-/errlop-8.4.0.tgz",
      "integrity": "sha512-uTI5IgHMfsuBw9t/NWnKGKGbkMxMfDLceci9Um8Qxe33WqZeBk3IX7ndOBT1Bpo+RRyDBI67KOOb3DYPJwoqyg==",
      "dev": true,
      "dependencies": {
        "editions": "^6.20.0"
      },
      "engines": {
        "node": ">=4"
      },
      "funding": {
        "url": "https://bevry.me/fund"
      }
    },
    "node_modules/event-emitter-grouped": {
      "version": "6.6.0",
      "resolved": "https://registry.npmjs.org/event-emitter-grouped/-/event-emitter-grouped-6.6.0.tgz",
      "integrity": "sha512-oZQp5T5rf+2MzGN4Rwgl4jEp9rshFd7NuXHEizh+7sMR+7tPzKQYo7eUqpKeqZa8wUbc/9lnz/Vd/TYHP/hnIQ==",
      "dev": true,
      "dependencies": {
        "editions": "^6.21.0",
        "taskgroup": "^9.7.0",
        "unbounded": "^6.3.1"
      },
      "engines": {
        "node": ">=4"
      },
      "funding": {
        "url": "https://bevry.me/fund"
      }
    },
    "node_modules/extendr": {
      "version": "7.9.0",
      "resolved": "https://registry.npmjs.org/extendr/-/extendr-7.9.0.tgz",
      "integrity": "sha512-+sSXw36D1GJH7KlmxrW6r9Anav7/55MddwmyJ8n+At5doRnsWiSCPFgu8E/Pw1Hiky9Cql5e9CDoIGe/QZ3hZA==",
      "dev": true,
      "dependencies": {
        "editions": "^6.21.0",
        "typechecker": "^9.3.0"
      },
      "engines": {
        "node": ">=4"
      },
      "funding": {
        "url": "https://bevry.me/fund"
      }
    },
    "node_modules/extract-opts": {
      "version": "5.8.0",
      "resolved": "https://registry.npmjs.org/extract-opts/-/extract-opts-5.8.0.tgz",
      "integrity": "sha512-kaF77bAeRRDW0mtfP1VhNdapxeJaDO82hG+mkfE8ZJh/FFJKDuCUwzgnLwdoI3PqAro6WBwNOhhieDDuwwzsng==",
      "dependencies": {
        "eachr": "^7.4.0",
        "editions": "^6.21.0",
        "typechecker": "^9.3.0"
      },
      "engines": {
        "node": ">=4"
      },
      "funding": {
        "url": "https://bevry.me/fund"
      }
    },
    "node_modules/fdir": {
      "version": "6.1.1",
      "resolved": "https://registry.npmjs.org/fdir/-/fdir-6.1.1.tgz",
      "integrity": "sha512-QfKBVg453Dyn3mr0Q0O+Tkr1r79lOTAKSi9f/Ot4+qVEwxWhav2Z+SudrG9vQjM2aYRMQQZ2/Q1zdA8ACM1pDg==",
      "dev": true,
      "peerDependencies": {
        "picomatch": "3.x"
      },
      "peerDependenciesMeta": {
        "picomatch": {
          "optional": true
        }
      }
    },
    "node_modules/fellow": {
      "version": "7.1.2",
      "resolved": "https://registry.npmjs.org/fellow/-/fellow-7.1.2.tgz",
      "integrity": "sha512-mTYWF4+UPHmT9in8E42V90o64s+HDQwYXB3M/SwqAm7apBV8sESAVnwPC8/d9G+VnQFGwHRTFsCxHrAJi+BNqg==",
      "dev": true,
      "dependencies": {
        "@bevry/render": "^1.1.0",
        "editions": "^6.21.0"
      },
      "engines": {
        "node": ">=10"
      },
      "funding": {
        "url": "https://bevry.me/fund"
      }
    },
    "node_modules/fs.realpath": {
      "version": "1.0.0",
      "resolved": "https://registry.npmjs.org/fs.realpath/-/fs.realpath-1.0.0.tgz",
      "integrity": "sha512-OO0pH2lK6a0hZnAdau5ItzHPI6pUlvI7jMVnxUQRtw4owF2wk8lOSabtGDCTP4Ggrg2MbGnWO9X8K1t4+fGMDw==",
      "dev": true
    },
    "node_modules/get-current-line": {
      "version": "7.3.0",
      "resolved": "https://registry.npmjs.org/get-current-line/-/get-current-line-7.3.0.tgz",
      "integrity": "sha512-c05xljyfL59+gPprXL2MC5WuDeJ40MDWUXADYTm8Ma37yaDhKUuk72tWsAI3crcuulWUtR5ml98jgYQKG/M0Lg==",
      "dev": true,
      "dependencies": {
        "editions": "^6.20.0"
      },
      "engines": {
        "node": ">=4"
      },
      "funding": {
        "url": "https://bevry.me/fund"
      }
    },
    "node_modules/glob": {
      "version": "7.2.3",
      "resolved": "https://registry.npmjs.org/glob/-/glob-7.2.3.tgz",
      "integrity": "sha512-nFR0zLpU2YCaRxwoCJvL6UvCH2JFyFVIvwTLsIf21AuHlMskA1hhTdk+LlYJtOlYt9v6dvszD2BGRqBL+iQK9Q==",
      "dev": true,
      "dependencies": {
        "fs.realpath": "^1.0.0",
        "inflight": "^1.0.4",
        "inherits": "2",
        "minimatch": "^3.1.1",
        "once": "^1.3.0",
        "path-is-absolute": "^1.0.0"
      },
      "engines": {
        "node": "*"
      },
      "funding": {
        "url": "https://github.com/sponsors/isaacs"
      }
    },
    "node_modules/graceful-fs": {
      "version": "4.2.11",
      "resolved": "https://registry.npmjs.org/graceful-fs/-/graceful-fs-4.2.11.tgz",
      "integrity": "sha512-RbJ5/jmFcNNCcDV5o9eTnBLJ/HszWV0P73bc+Ff4nS/rJj+YaS6IGyiOL0VoBYX+l1Wrl3k63h/KrH+nhJ0XvQ=="
    },
    "node_modules/ignore": {
      "version": "3.3.10",
      "resolved": "https://registry.npmjs.org/ignore/-/ignore-3.3.10.tgz",
      "integrity": "sha512-Pgs951kaMm5GXP7MOvxERINe3gsaVjUWFm+UZPSq9xYriQAksyhg0csnS0KXSNRD5NmNdapXEpjxG49+AKh/ug==",
      "dev": true
    },
    "node_modules/inflight": {
      "version": "1.0.6",
      "resolved": "https://registry.npmjs.org/inflight/-/inflight-1.0.6.tgz",
      "integrity": "sha512-k92I/b08q4wvFscXCLvqfsHCrjrF7yiXsQuIVvVE7N82W3+aqpzuUdBbfhWcy/FZR3/4IgflMgKLOsvPDrGCJA==",
      "dev": true,
      "dependencies": {
        "once": "^1.3.0",
        "wrappy": "1"
      }
    },
    "node_modules/inherits": {
      "version": "2.0.4",
      "resolved": "https://registry.npmjs.org/inherits/-/inherits-2.0.4.tgz",
      "integrity": "sha512-k/vGaX4/Yla3WzyMCvTQOXYeIHvqOKtnqBduzTHpzpQZzAskKMhZ2K+EnBiSM9zGSoIFeMpXKxa4dYeZIQqewQ==",
      "dev": true
    },
    "node_modules/js-yaml": {
      "version": "4.1.1",
      "resolved": "https://registry.npmjs.org/js-yaml/-/js-yaml-4.1.1.tgz",
      "integrity": "sha512-qQKT4zQxXl8lLwBtHMWwaTcGfFOZviOJet3Oy/xmGk2gZH677CJM9EvtfdSkgWcATZhj/55JZ0rmy3myCT5lsA==",
      "dev": true,
      "license": "MIT",
      "dependencies": {
        "argparse": "^2.0.1"
      },
      "bin": {
        "js-yaml": "bin/js-yaml.js"
      }
    },
    "node_modules/kava": {
      "version": "7.8.0",
      "resolved": "https://registry.npmjs.org/kava/-/kava-7.8.0.tgz",
      "integrity": "sha512-sFi8RebKrccbD3r82UTMQEc0G23yH4jFleUpd2v0opEsocRlM81PT7hKzbHvbA8+hCtBY/5/FT4qbq9ntvymjg==",
      "dev": true,
      "dependencies": {
        "editions": "^6.21.0",
        "event-emitter-grouped": "^6.6.0",
        "taskgroup": "^9.7.0"
      },
      "engines": {
        "node": ">=4"
      },
      "funding": {
        "url": "https://bevry.me/fund"
      }
    },
    "node_modules/minimatch": {
      "version": "3.1.2",
      "resolved": "https://registry.npmjs.org/minimatch/-/minimatch-3.1.2.tgz",
      "integrity": "sha512-J7p63hRiAjw1NDEww1W7i37+ByIrOWO5XQQAzZ3VOcL0PNybwpfmV/N05zFAzwQ9USyEcX6t3UO+K5aqBQOIHw==",
      "dev": true,
      "dependencies": {
        "brace-expansion": "^1.1.7"
      },
      "engines": {
        "node": "*"
      }
    },
    "node_modules/minimist": {
      "version": "0.0.10",
      "resolved": "https://registry.npmjs.org/minimist/-/minimist-0.0.10.tgz",
      "integrity": "sha512-iotkTvxc+TwOm5Ieim8VnSNvCDjCK9S8G3scJ50ZthspSxa7jx50jkhYduuAtAjvfDUwSgOwf8+If99AlOEhyw==",
      "dev": true
    },
    "node_modules/native-promise-pool": {
      "version": "3.27.0",
      "resolved": "https://registry.npmjs.org/native-promise-pool/-/native-promise-pool-3.27.0.tgz",
      "integrity": "sha512-QvYRM010F82Ygod3TgsRkeDAKm7PP6z0nXFcqzPxP9jfI3KxIWLMUUTcT/WqWlxt0PJPwqYv4qJMMhkznNCXXw==",
      "dev": true,
      "dependencies": {
        "editions": "^6.20.0"
      },
      "engines": {
        "node": ">=10"
      },
      "funding": {
        "url": "https://bevry.me/fund"
      }
    },
    "node_modules/once": {
      "version": "1.4.0",
      "resolved": "https://registry.npmjs.org/once/-/once-1.4.0.tgz",
      "integrity": "sha512-lNaJgI+2Q5URQBkccEKHTQOPaXdUxnZZElQTZY0MFUAuaEqe1E+Nyvgdz/aIyNi6Z9MzO5dv1H8n58/GELp3+w==",
      "dev": true,
      "dependencies": {
        "wrappy": "1"
      }
    },
    "node_modules/optimist": {
      "version": "0.6.1",
      "resolved": "https://registry.npmjs.org/optimist/-/optimist-0.6.1.tgz",
      "integrity": "sha512-snN4O4TkigujZphWLN0E//nQmm7790RYaE53DdL7ZYwee2D8DDo9/EyYiKUfN3rneWUjhJnueija3G9I2i0h3g==",
      "dev": true,
      "dependencies": {
        "minimist": "~0.0.1",
        "wordwrap": "~0.0.2"
      }
    },
    "node_modules/path-is-absolute": {
      "version": "1.0.1",
      "resolved": "https://registry.npmjs.org/path-is-absolute/-/path-is-absolute-1.0.1.tgz",
      "integrity": "sha512-AVbw3UJ2e9bq64vSaS9Am0fje1Pa8pbGqTTsmXfaIiMpnr5DlDhfJOuLj9Sf95ZPVDAUerDfEk88MPmPe7UCQg==",
      "dev": true,
      "engines": {
        "node": ">=0.10.0"
      }
    },
    "node_modules/projectz": {
      "version": "4.1.1",
      "resolved": "https://registry.npmjs.org/projectz/-/projectz-4.1.1.tgz",
      "integrity": "sha512-yI22S7x2/HMT/Vxx81/WT2slcKzDLUMU26YnEqkSeRtfGhGkmpHzbHAnD/8b+7t8qCV+WrCPhaeb7VaI+b6AVQ==",
      "dev": true,
      "dependencies": {
        "@bevry/argument": "^1.1.0",
        "@bevry/fs-list": "^2.5.0",
        "@bevry/fs-read": "^1.5.0",
        "@bevry/fs-write": "^1.5.0",
        "@bevry/github-api": "^11.3.1",
        "@bevry/json": "^2.3.0",
        "@bevry/render": "^1.1.0",
        "arrange-package-json": "^5.1.0",
        "badges": "^4.39.0",
        "caterpillar": "^8.1.0",
        "spdx-expression-parse": "^4.0.0",
        "spdx-license-list": "^6.8.0",
        "trim-empty-keys": "^1.1.0",
        "typechecker": "^9.3.0"
      },
      "bin": {
        "projectz": "bin.cjs"
      },
      "engines": {
        "node": ">=20"
      },
      "funding": {
        "url": "https://bevry.me/fund"
      }
    },
    "node_modules/requirefresh": {
      "version": "5.13.0",
      "resolved": "https://registry.npmjs.org/requirefresh/-/requirefresh-5.13.0.tgz",
      "integrity": "sha512-v3BuU/AAKjDqgIig1xyekcBHtujCAghuFTOQ7YNAngEKtTksSS1vT9Abt1ilbmQFAD4ChHHGJ3JSNbqvEOIxkQ==",
      "engines": {
        "node": ">=4"
      },
      "funding": {
        "url": "https://bevry.me/fund"
      }
    },
    "node_modules/resolve": {
      "version": "0.6.3",
      "resolved": "https://registry.npmjs.org/resolve/-/resolve-0.6.3.tgz",
      "integrity": "sha512-UHBY3viPlJKf85YijDUcikKX6tmF4SokIDp518ZDVT92JNDcG5uKIthaT/owt3Sar0lwtOafsQuwrg22/v2Dwg==",
      "dev": true
    },
    "node_modules/rfc-log-levels": {
      "version": "4.2.0",
      "resolved": "https://registry.npmjs.org/rfc-log-levels/-/rfc-log-levels-4.2.0.tgz",
      "integrity": "sha512-CZ2+u5Hol5k+bfIrTkRzWGZfTSHvu/aKDtaJsBWYjUunIgOoAUAxJV6m4EnX2ctNhDuYB5ascFRys5ccKO1afQ==",
      "dev": true,
      "dependencies": {
        "editions": "^6.20.0"
      },
      "engines": {
        "node": ">=4"
      },
      "funding": {
        "url": "https://bevry.me/fund"
      }
    },
    "node_modules/safefs": {
      "version": "8.9.0",
      "resolved": "https://registry.npmjs.org/safefs/-/safefs-8.9.0.tgz",
      "integrity": "sha512-kFEWbz7Uty9cmAZpb7caucQWQG/6XhTWLQyamwxjYqLXqx+EUDHcGmsxbIC2dotbTh97sAXYuYBD1mWNV5WG9Q==",
      "dependencies": {
        "editions": "^6.21.0",
        "graceful-fs": "^4.2.11",
        "version-compare": "^3.10.0"
      },
      "engines": {
        "node": ">=4"
      },
      "funding": {
        "url": "https://bevry.me/fund"
      }
    },
    "node_modules/safeps": {
      "version": "11.6.0",
      "resolved": "https://registry.npmjs.org/safeps/-/safeps-11.6.0.tgz",
      "integrity": "sha512-hWA2iaDBetwKvuxlA10ziGIbQMwM0HOCy++ckqoOTX7VBg03KsIvLf3Y5CBANlUi6ED4FHEGrPd3zGAlFfhEXQ==",
      "dev": true,
      "dependencies": {
        "editions": "^6.21.0",
        "extract-opts": "^5.8.0",
        "safefs": "^8.9.0",
        "taskgroup": "^9.6.0",
        "typechecker": "^9.3.0"
      },
      "engines": {
        "node": ">=4"
      },
      "funding": {
        "url": "https://bevry.me/fund"
      }
    },
    "node_modules/semver": {
      "version": "6.3.1",
      "resolved": "https://registry.npmjs.org/semver/-/semver-6.3.1.tgz",
      "integrity": "sha512-BR7VvDCVHO+q2xBEWskxS6DJE1qRnb7DxzUrogb71CWoSficBxYsiAGd+Kl0mmq/MprG9yArRkyrQxTO6XjMzA==",
      "dev": true,
      "bin": {
        "semver": "bin/semver.js"
      }
    },
    "node_modules/simplytyped": {
      "version": "3.3.0",
      "resolved": "https://registry.npmjs.org/simplytyped/-/simplytyped-3.3.0.tgz",
      "integrity": "sha512-mz4RaNdKTZiaKXgi6P1k/cdsxV3gz+y1Wh2NXHWD40dExktLh4Xx/h6MFakmQWODZHj/2rKe59acacpL74ZhQA==",
      "dev": true,
      "peerDependencies": {
        "typescript": ">=2.8.0"
      }
    },
    "node_modules/spdx-exceptions": {
      "version": "2.3.0",
      "resolved": "https://registry.npmjs.org/spdx-exceptions/-/spdx-exceptions-2.3.0.tgz",
      "integrity": "sha512-/tTrYOC7PPI1nUAgx34hUpqXuyJG+DTHJTnIULG4rDygi4xu/tfgmq1e1cIRwRzwZgo4NLySi+ricLkZkw4i5A==",
      "dev": true
    },
    "node_modules/spdx-expression-parse": {
      "version": "4.0.0",
      "resolved": "https://registry.npmjs.org/spdx-expression-parse/-/spdx-expression-parse-4.0.0.tgz",
      "integrity": "sha512-Clya5JIij/7C6bRR22+tnGXbc4VKlibKSVj2iHvVeX5iMW7s1SIQlqu699JkODJJIhh/pUu8L0/VLh8xflD+LQ==",
      "dev": true,
      "dependencies": {
        "spdx-exceptions": "^2.1.0",
        "spdx-license-ids": "^3.0.0"
      }
    },
    "node_modules/spdx-license-ids": {
      "version": "3.0.16",
      "resolved": "https://registry.npmjs.org/spdx-license-ids/-/spdx-license-ids-3.0.16.tgz",
      "integrity": "sha512-eWN+LnM3GR6gPu35WxNgbGl8rmY1AEmoMDvL/QD6zYmPWgywxWqJWNdLGT+ke8dKNWrcYgYjPpG5gbTfghP8rw==",
      "dev": true
    },
    "node_modules/spdx-license-list": {
      "version": "6.8.0",
      "resolved": "https://registry.npmjs.org/spdx-license-list/-/spdx-license-list-6.8.0.tgz",
      "integrity": "sha512-5UdM7r9yJ1EvsPQZWfa41AZjLQngl9iMMysm9XBW7Lqhq7aF8cllfqjS+rFCHB8FFMGSM0yFWue2LUV9mR0QzQ==",
      "dev": true,
      "engines": {
        "node": ">=8"
      },
      "funding": {
        "url": "https://github.com/sponsors/sindresorhus"
      }
    },
    "node_modules/strip-json-comments": {
      "version": "1.0.4",
      "resolved": "https://registry.npmjs.org/strip-json-comments/-/strip-json-comments-1.0.4.tgz",
      "integrity": "sha512-AOPG8EBc5wAikaG1/7uFCNFJwnKOuQwFTpYBdTW6OvWHeZBQBrAA/amefHGrEiOnCPcLFZK6FUPtWVKpQVIRgg==",
      "dev": true,
      "bin": {
        "strip-json-comments": "cli.js"
      },
      "engines": {
        "node": ">=0.8.0"
      }
    },
    "node_modules/taskgroup": {
      "version": "9.7.0",
      "resolved": "https://registry.npmjs.org/taskgroup/-/taskgroup-9.7.0.tgz",
      "integrity": "sha512-BN7NhPCGVNOSvbNx51H/nbvrhddMbm3wTU9lqlq0avwTSDPxkpS8cW16mbi8Pa8cNisCplU+est9EQoi2B2PKw==",
      "dev": true,
      "dependencies": {
        "ambi": "3.2.0",
        "eachr": "^7.4.0",
        "editions": "^6.21.0",
        "extendr": "^7.9.0",
        "unbounded": "^6.3.1"
      },
      "engines": {
        "node": ">=4"
      },
      "funding": {
        "url": "https://bevry.me/fund"
      }
    },
    "node_modules/trim-empty-keys": {
      "version": "1.1.0",
      "resolved": "https://registry.npmjs.org/trim-empty-keys/-/trim-empty-keys-1.1.0.tgz",
      "integrity": "sha512-LxZzCVSQ6dTiVOYiBDcY8CTkzOYzdU8JI5S4sy5/LHaneGwHRG5jzsryOhKAqlGkEu4IaMQYgpJ2J9Lq8ejzkg==",
      "dev": true,
      "dependencies": {
        "typechecker": "^9.3.0"
      },
      "engines": {
        "node": ">=8"
      },
      "funding": {
        "url": "https://bevry.me/fund"
      }
    },
    "node_modules/typechecker": {
      "version": "9.3.0",
      "resolved": "https://registry.npmjs.org/typechecker/-/typechecker-9.3.0.tgz",
      "integrity": "sha512-7NKr0EkLaL5fkYE56DPwqgQx1FjepvDRZ64trUgb1NgeFqLkaZThI2L33vFJzN4plVyAN5zWcov57QcZIU3bjg==",
      "dependencies": {
        "editions": "^6.20.0"
      },
      "engines": {
        "node": ">=4"
      },
      "funding": {
        "url": "https://bevry.me/fund"
      }
    },
    "node_modules/typescript": {
      "version": "5.3.3",
      "resolved": "https://registry.npmjs.org/typescript/-/typescript-5.3.3.tgz",
      "integrity": "sha512-pXWcraxM0uxAS+tN0AG/BF2TyqmHO014Z070UsJ+pFvYuRSq8KH8DmWpnbXe0pEPDHXZV3FcAbJkijJ5oNEnWw==",
      "dev": true,
      "peer": true,
      "bin": {
        "tsc": "bin/tsc",
        "tsserver": "bin/tsserver"
      },
      "engines": {
        "node": ">=14.17"
      }
    },
    "node_modules/unbounded": {
      "version": "6.3.1",
      "resolved": "https://registry.npmjs.org/unbounded/-/unbounded-6.3.1.tgz",
      "integrity": "sha512-I02/dMCiMXSc+Hqi7U7fAcT9/XnQ0GgWSAqRfl2/7TRkrO7yeZw+0haDh5OpPljYjaRMzWODkMwpbMkCi47z8g==",
      "dev": true,
      "dependencies": {
        "editions": "^6.21.0"
      },
      "engines": {
        "node": ">=4"
      },
      "funding": {
        "url": "https://bevry.me/fund"
      }
    },
    "node_modules/universal-user-agent": {
      "version": "6.0.1",
      "resolved": "https://registry.npmjs.org/universal-user-agent/-/universal-user-agent-6.0.1.tgz",
      "integrity": "sha512-yCzhz6FN2wU1NiiQRogkTQszlQSlpWaw8SvVegAc+bDxbzHgh1vX8uIe8OYyMH6DwH+sdTJsgMl36+mSMdRJIQ==",
      "dev": true
    },
    "node_modules/valid-directory": {
      "version": "4.8.0",
      "resolved": "https://registry.npmjs.org/valid-directory/-/valid-directory-4.8.0.tgz",
      "integrity": "sha512-71SQWCDI/hk+gTQ2/u531ldpa5Qecl9U2oODwU5ubTGj+BE3GqdFdkLM8/OZa0QCsPYChZWl+62h9TZoZ4j3Wg==",
      "dev": true,
      "dependencies": {
        "@bevry/valid-filename": "^2.5.0",
        "fdir": "^6.1.1"
      },
      "bin": {
        "valid-directory": "bin.cjs"
      },
      "engines": {
        "node": ">=18"
      },
      "funding": {
        "url": "https://bevry.me/fund"
      }
    },
    "node_modules/version-compare": {
      "version": "3.10.0",
      "resolved": "https://registry.npmjs.org/version-compare/-/version-compare-3.10.0.tgz",
      "integrity": "sha512-/CuLY4D2++5aAq4L0XDsKbrpbruhqSrCrdK/93ClqqgvwAtq6819M7veqjmSNXCro/xO1fZY47TPaNHEfzQywA==",
      "dependencies": {
        "editions": "^6.20.0"
      },
      "engines": {
        "node": ">=4"
      },
      "funding": {
        "url": "https://bevry.me/fund"
      }
    },
    "node_modules/version-range": {
      "version": "4.13.0",
      "resolved": "https://registry.npmjs.org/version-range/-/version-range-4.13.0.tgz",
      "integrity": "sha512-/DLT9Gj8/MVd0OGX59AJuD0n3oGjiB2PB99M0kH7+0PH/GS3GiY/fNU8ptkBHrloKKg6KTAlhV5leXG9EWiggg==",
      "engines": {
        "node": ">=4"
      },
      "funding": {
        "url": "https://bevry.me/fund"
      }
    },
    "node_modules/wordwrap": {
      "version": "0.0.3",
      "resolved": "https://registry.npmjs.org/wordwrap/-/wordwrap-0.0.3.tgz",
      "integrity": "sha512-1tMA907+V4QmxV7dbRvb4/8MaRALK6q9Abid3ndMYnbyo8piisCmeONVqVSXqQA3KaP4SLt5b7ud6E2sqP8TFw==",
      "dev": true,
      "engines": {
        "node": ">=0.4.0"
      }
    },
    "node_modules/wrappy": {
      "version": "1.0.2",
      "resolved": "https://registry.npmjs.org/wrappy/-/wrappy-1.0.2.tgz",
      "integrity": "sha512-l4Sp/DRseor9wL6EvV2+TuQn63dMkPjZ/sp9XkghTEbV9KlPS1xUsZ3u7/IQO4wxtcFB4bgpQPRcR3QCvezPcQ==",
      "dev": true
    }
  }
}
