{
  "name": "cson",
  "version": "7.7.0",
  "lockfileVersion": 1,
  "requires": true,
  "dependencies": {
    "@bevry/update-contributors": {
      "version": "1.9.0",
      "resolved": "https://registry.npmjs.org/@bevry/update-contributors/-/update-contributors-1.9.0.tgz",
      "integrity": "sha512-kJhg/PHAv2PidmWFqU4e4PW9pWlQO/eE+4YQ4R6SZUPRjmhDAsm6d6lDMlBKRicX0UlGjcDuCwpc0abA+ogrFw==",
      "dev": true,
      "requires": {
        "getcontributors": "^2.12.0"
      }
    },
    "@types/ansicolors": {
      "version": "0.0.33",
      "resolved": "https://registry.npmjs.org/@types/ansicolors/-/ansicolors-0.0.33.tgz",
      "integrity": "sha512-dVS1WW/BqYdwbv1H0Cgpq8ChV4VowUXz+R7pYKGEHhF+mdg/MibuE+6Et/GBxg6nfKKFVf2ZsQkyr7XNR2SqxA==",
      "dev": true
    },
    "@types/diff": {
      "version": "4.0.2",
      "resolved": "https://registry.npmjs.org/@types/diff/-/diff-4.0.2.tgz",
      "integrity": "sha512-mIenTfsIe586/yzsyfql69KRnA75S8SVXQbTLpDejRrjH0QSJcpu3AUOi/Vjnt9IOsXKxPhJfGpQUNMueIU1fQ==",
      "dev": true
    },
    "@types/node": {
      "version": "14.0.13",
      "resolved": "https://registry.npmjs.org/@types/node/-/node-14.0.13.tgz",
      "integrity": "sha512-rouEWBImiRaSJsVA+ITTFM6ZxibuAlTuNOCyxVbwreu6k6+ujs7DfnU9o+PShFhET78pMBl3eH+AGSI5eOTkPA==",
      "dev": true
    },
    "ambi": {
      "version": "3.2.0",
      "resolved": "https://registry.npmjs.org/ambi/-/ambi-3.2.0.tgz",
      "integrity": "sha512-nj5sHLPFd7u2OLmHdFs4DHt3gK6edpNw35hTRIKyI/Vd2Th5e4io50rw1lhmCdUNO2Mm4/4FkHmv6shEANAWcw==",
      "dev": true,
      "requires": {
        "editions": "^2.1.0",
        "typechecker": "^4.3.0"
      },
      "dependencies": {
        "editions": {
          "version": "2.3.1",
          "resolved": "https://registry.npmjs.org/editions/-/editions-2.3.1.tgz",
          "integrity": "sha512-ptGvkwTvGdGfC0hfhKg0MT+TRLRKGtUiWGBInxOm5pz7ssADezahjCUaYuZ8Dr+C05FW0AECIIPt4WBxVINEhA==",
          "dev": true,
          "requires": {
            "errlop": "^2.0.0",
            "semver": "^6.3.0"
          }
        },
        "errlop": {
          "version": "2.2.0",
          "resolved": "https://registry.npmjs.org/errlop/-/errlop-2.2.0.tgz",
          "integrity": "sha512-e64Qj9+4aZzjzzFpZC7p5kmm/ccCrbLhAJplhsDXQFs87XTsXwOpH4s1Io2s90Tau/8r2j9f4l/thhDevRjzxw==",
          "dev": true
        }
      }
    },
    "ansicolors": {
      "version": "0.3.2",
      "resolved": "https://registry.npmjs.org/ansicolors/-/ansicolors-0.3.2.tgz",
      "integrity": "sha1-ZlWX3oap/+Oqm/vmyuXG6kJrSXk=",
      "dev": true
    },
    "ansistyles": {
      "version": "0.1.3",
      "resolved": "https://registry.npmjs.org/ansistyles/-/ansistyles-0.1.3.tgz",
      "integrity": "sha1-XeYEFb2gcbs3EnhUyGT0GyMlRTk=",
      "dev": true
    },
    "assert-helpers": {
      "version": "6.8.0",
      "resolved": "https://registry.npmjs.org/assert-helpers/-/assert-helpers-6.8.0.tgz",
      "integrity": "sha512-Ayb+HIpy17PMSrnLl3DeKP8sSzv86r9+QuFjLXjPvHj2VDVW6QVdH/X0WkCtmqcab6S72dCHRJinUHDUfPRMsA==",
      "dev": true,
      "requires": {
        "@types/ansicolors": "^0.0.33",
        "@types/diff": "^4.0.2",
        "@types/node": "^14.0.13",
        "ansicolors": "^0.3.2",
        "diff": "^4.0.2",
        "errlop": "^3.5.0"
      }
    },
    "badges": {
      "version": "4.9.0",
      "resolved": "https://registry.npmjs.org/badges/-/badges-4.9.0.tgz",
      "integrity": "sha512-fJRZdepdU9FIvSXbMv5th+aq67DjMYO0hFxBSwNP3pNPPml/UcHeKEMrcs+E3MG3V1I24uWVrZ3nxFwWl5mShA==",
      "dev": true
    },
    "balanced-match": {
      "version": "1.0.0",
      "resolved": "https://registry.npmjs.org/balanced-match/-/balanced-match-1.0.0.tgz",
      "integrity": "sha1-ibTRmasr7kneFk6gK4nORi1xt2c=",
      "dev": true
    },
    "brace-expansion": {
      "version": "1.1.11",
      "resolved": "https://registry.npmjs.org/brace-expansion/-/brace-expansion-1.1.11.tgz",
      "integrity": "sha512-iCuPHDFgrHX7H2vEI/5xpz07zSHB00TpugqhmYtVmMO6518mCuRMoOYFldEBl0g187ufozdaHgWKcYFb61qGiA==",
      "dev": true,
      "requires": {
        "balanced-match": "^1.0.0",
        "concat-map": "0.0.1"
      }
    },
    "caterpillar": {
      "version": "5.6.0",
      "resolved": "https://registry.npmjs.org/caterpillar/-/caterpillar-5.6.0.tgz",
      "integrity": "sha512-RDkYRAOxzYb1zveAC+KeUAcy9NTSN7hObZj+tKlSQbVGNOIt06cdyPd5hS1RJr+t9qvgit364ZHpkZgxUa8n4Q==",
      "dev": true,
      "requires": {
        "extendr": "^5.5.0",
        "get-current-line": "^5.5.0",
        "rfc-log-levels": "^3.5.0"
      }
    },
    "caterpillar-filter": {
      "version": "6.5.0",
      "resolved": "https://registry.npmjs.org/caterpillar-filter/-/caterpillar-filter-6.5.0.tgz",
      "integrity": "sha512-No6L9WRQD2AMxXxgMxQenoKHoMQ5IIiU6VLHC/Ny0o/4pTDorGaITRA9zAyL6pWm1ZXyTp4RNlZXK0dyTE4tWA==",
      "dev": true
    },
    "caterpillar-human": {
      "version": "6.5.0",
      "resolved": "https://registry.npmjs.org/caterpillar-human/-/caterpillar-human-6.5.0.tgz",
      "integrity": "sha512-QFgPADy+5oqitHKCuUeMjIYj/XJEJQhsZkItyI6WojqZUVSEjcnF1Ss+eKWT5w9+Ln6SSLvRbsmMRZuzwyqA7Q==",
      "dev": true,
      "requires": {
        "ansicolors": "~0.3.2",
        "ansistyles": "~0.1.3"
      }
    },
    "coffeelint": {
      "version": "2.1.0",
      "resolved": "https://registry.npmjs.org/coffeelint/-/coffeelint-2.1.0.tgz",
      "integrity": "sha1-r2XfNjTpmdmsAUgHNsNtPNL12tg=",
      "dev": true,
      "requires": {
        "coffeescript": "^2.1.0",
        "glob": "^7.0.6",
        "ignore": "^3.0.9",
        "optimist": "^0.6.1",
        "resolve": "^0.6.3",
        "strip-json-comments": "^1.0.2"
      }
    },
    "coffeescript": {
      "version": "2.5.1",
      "resolved": "https://registry.npmjs.org/coffeescript/-/coffeescript-2.5.1.tgz",
      "integrity": "sha512-J2jRPX0eeFh5VKyVnoLrfVFgLZtnnmp96WQSLAS8OrLm2wtQLcnikYKe1gViJKDH7vucjuhHvBKKBP3rKcD1tQ=="
    },
    "concat-map": {
      "version": "0.0.1",
      "resolved": "https://registry.npmjs.org/concat-map/-/concat-map-0.0.1.tgz",
      "integrity": "sha1-2Klr13/Wjfd5OnMDajug1UBdR3s=",
      "dev": true
    },
    "cross-fetch": {
      "version": "3.0.4",
      "resolved": "https://registry.npmjs.org/cross-fetch/-/cross-fetch-3.0.4.tgz",
      "integrity": "sha512-MSHgpjQqgbT/94D4CyADeNoYh52zMkCX4pcJvPP5WqPsLFMKjr2TCMg381ox5qI0ii2dPwaLx/00477knXqXVw==",
      "dev": true,
      "requires": {
        "node-fetch": "2.6.0",
        "whatwg-fetch": "3.0.0"
      }
    },
    "cson-parser": {
      "version": "4.0.4",
      "resolved": "https://registry.npmjs.org/cson-parser/-/cson-parser-4.0.4.tgz",
      "integrity": "sha512-veObnzR9fDs/+kvio0I+jeZXjsJ9jF0jtisl7g+z9J0YzlJ0UjCaGtbUd6JgKcfBlF7RSaSb7GMJYvGqp64pcg==",
      "requires": {
        "coffeescript": "^1.10.0"
      },
      "dependencies": {
        "coffeescript": {
          "version": "1.12.7",
          "resolved": "https://registry.npmjs.org/coffeescript/-/coffeescript-1.12.7.tgz",
          "integrity": "sha512-pLXHFxQMPklVoEekowk8b3erNynC+DVJzChxS/LCBBgR6/8AJkHivkm//zbowcfc7BTCAjryuhx6gPqPRfsFoA=="
        }
      }
    },
    "diff": {
      "version": "4.0.2",
      "resolved": "https://registry.npmjs.org/diff/-/diff-4.0.2.tgz",
      "integrity": "sha512-58lmxKSA4BNyLz+HHMUzlOEpg09FV+ev6ZMe3vJihgdxzgcwZ8VoEEPmALCZG9LmqfVoNMMKpttIYTVG6uDY7A==",
      "dev": true
    },
    "eachr": {
      "version": "4.5.0",
      "resolved": "https://registry.npmjs.org/eachr/-/eachr-4.5.0.tgz",
      "integrity": "sha512-9I664RWp6p8jvcHZIwo7bWaiSaUmA1wNSLKwNZEiaYjqiTARq3cGjyRiIunsopZv4QMmX3T5Hs17QoPAzdYxfg==",
      "requires": {
        "typechecker": "^6.2.0"
      },
      "dependencies": {
        "typechecker": {
          "version": "6.3.0",
          "resolved": "https://registry.npmjs.org/typechecker/-/typechecker-6.3.0.tgz",
          "integrity": "sha512-XZmZISfAzrzGHaC2nAwXyh/O1srpTIw/sFS5K0wGRIoWgc+bpGXJLkpI5VoZg9+2SwV6tFIS3WCb3l0bNitLag=="
        }
      }
    },
    "editions": {
      "version": "3.4.0",
      "resolved": "https://registry.npmjs.org/editions/-/editions-3.4.0.tgz",
      "integrity": "sha512-zL34x+mfzEIgbbE4WApur4FCN9OxabqdUbHGbWGHlQR6PUJGzWFHXyOHN4H38KPF3zyrNKlBP/IUSwaBITOk6Q==",
      "dev": true,
      "requires": {
        "errlop": "^3.3.0",
        "semver": "6.3.0"
      }
    },
    "errlop": {
      "version": "3.5.0",
      "resolved": "https://registry.npmjs.org/errlop/-/errlop-3.5.0.tgz",
      "integrity": "sha512-EU8r0FtFCGd1GPQTY7cxbmvNA5YEAIZJBewJTfB1dcRBsaEpXJJrF33kj8Y3fkAaidA8WnMrgtuSXXcULGA5zA==",
      "dev": true
    },
    "event-emitter-grouped": {
      "version": "4.5.0",
      "resolved": "https://registry.npmjs.org/event-emitter-grouped/-/event-emitter-grouped-4.5.0.tgz",
      "integrity": "sha512-6dUuJXk/wGZN2sJM1gFuv4jF/hHS0LNWo+OI0wV9oXZVofWPVqvqqZwo+IdKsF/U1NnvlE8axbK0jyzeuP48TQ==",
      "dev": true,
      "requires": {
        "taskgroup": "^7.6.0",
        "unbounded": "^3.3.0"
      }
    },
    "extendr": {
      "version": "5.5.0",
      "resolved": "https://registry.npmjs.org/extendr/-/extendr-5.5.0.tgz",
      "integrity": "sha512-X+8DHBXYIwMi87BM+SXE0+7znw6OTgVN75lc/aIZzg7O1gbubARJ/u9okpHiL89A7xDb+SGxGW6Kk09Jq65FOw==",
      "dev": true,
      "requires": {
        "typechecker": "^7.4.0"
      },
      "dependencies": {
        "typechecker": {
          "version": "7.5.0",
          "resolved": "https://registry.npmjs.org/typechecker/-/typechecker-7.5.0.tgz",
          "integrity": "sha512-3rN7f/Tx7Ydg72sFl8Lrbl6sx4YGljmU/CVNr9Df6lRikYxd3H1HK03j+ZqE7ZS2WWOOn0YOACziAT8r+9O0fw==",
          "dev": true
        }
      }
    },
    "extract-opts": {
      "version": "4.3.0",
      "resolved": "https://registry.npmjs.org/extract-opts/-/extract-opts-4.3.0.tgz",
      "integrity": "sha512-Dmssi1tgKJkQsVmbP7TgW/kbdc42SAsNf6h9ClweP+dS7O24YYMTXsNwPelxhx0LF15npiWwY5ahKtyQiNgxWA==",
      "requires": {
        "eachr": "^4.5.0",
        "typechecker": "^6.2.0"
      },
      "dependencies": {
        "typechecker": {
          "version": "6.3.0",
          "resolved": "https://registry.npmjs.org/typechecker/-/typechecker-6.3.0.tgz",
          "integrity": "sha512-XZmZISfAzrzGHaC2nAwXyh/O1srpTIw/sFS5K0wGRIoWgc+bpGXJLkpI5VoZg9+2SwV6tFIS3WCb3l0bNitLag=="
        }
      }
    },
    "fellow": {
      "version": "6.10.0",
      "resolved": "https://registry.npmjs.org/fellow/-/fellow-6.10.0.tgz",
      "integrity": "sha512-YC4nniyJZxuLvHt61i1ntxoAR8RZeBXrXfzAiMpnOTk7bpn7D6K9pvc3UZ8vjt/Ci7QN1BM7rXfomm2HRW4kjA==",
      "dev": true
    },
    "filename-reserved-regex": {
      "version": "2.0.0",
      "resolved": "https://registry.npmjs.org/filename-reserved-regex/-/filename-reserved-regex-2.0.0.tgz",
      "integrity": "sha1-q/c9+rc10EVECr/qLZHzieu/oik=",
      "dev": true
    },
    "fs.realpath": {
      "version": "1.0.0",
      "resolved": "https://registry.npmjs.org/fs.realpath/-/fs.realpath-1.0.0.tgz",
      "integrity": "sha1-FQStJSMVjKpA20onh8sBQRmU6k8=",
      "dev": true
    },
    "get-cli-arg": {
      "version": "5.4.0",
      "resolved": "https://registry.npmjs.org/get-cli-arg/-/get-cli-arg-5.4.0.tgz",
      "integrity": "sha512-bZ+YHcMh+Q/uu3m6n8QlK+dRm7xZbgxHdaXD4/Oc57kjSw2dIBo8QoDQW4sCFRaP7KYUhzsWtr7z+KQc+yt01A==",
      "dev": true,
      "requires": {
        "normalify": "^2.10.0"
      }
    },
    "get-current-line": {
      "version": "5.5.0",
      "resolved": "https://registry.npmjs.org/get-current-line/-/get-current-line-5.5.0.tgz",
      "integrity": "sha512-STCaXFXNC8bqwLCAnvV98v2jXQW4pzZxeB44BVAparggfI+kkZ8rwKJaU+TBg7PpK6ZEo3srcv2mZ8/8p6/psA==",
      "dev": true
    },
    "getcontributors": {
      "version": "2.12.0",
      "resolved": "https://registry.npmjs.org/getcontributors/-/getcontributors-2.12.0.tgz",
      "integrity": "sha512-QXdqrYsUqFuXK24re71TrAcyDQ9IreUQOfb3HbTW+2Vjpvg3Z68Iw+hpW1yd/bU/TM5F7FYIfHSUOuvBlT1x8g==",
      "dev": true,
      "requires": {
        "cross-fetch": "^3.0.4",
        "fellow": "^6.10.0",
        "getrepos": "^5.5.0",
        "githubauthreq": "^5.6.0",
        "simplytyped": "^3.3.0"
      }
    },
    "getrepos": {
      "version": "5.6.0",
      "resolved": "https://registry.npmjs.org/getrepos/-/getrepos-5.6.0.tgz",
      "integrity": "sha512-X44Sz8ZSkEUBRPJcjRlK3oU8jluaaFpRAOfIcqmQBKOBh+0/9HImI5uU5DMmwCuNPzPxW6M3rWW+UEPQsP8gsw==",
      "dev": true,
      "requires": {
        "cross-fetch": "^3.0.4",
        "githubauthreq": "^5.6.0",
        "native-promise-pool": "^3.5.0",
        "simplytyped": "^3.3.0"
      }
    },
    "githubauthreq": {
      "version": "5.7.0",
      "resolved": "https://registry.npmjs.org/githubauthreq/-/githubauthreq-5.7.0.tgz",
      "integrity": "sha512-Jqn3AKY8yUiIrxyA/GQV7/tS5K//t8d3jxs65ElWbTEskzed/us5TgM3lowhHh36WW1dUDj/W75J5kN9Uny3Nw==",
      "dev": true,
      "requires": {
        "editions": "^3.4.0",
        "simplytyped": "^3.3.0"
      }
    },
    "glob": {
      "version": "7.1.6",
      "resolved": "https://registry.npmjs.org/glob/-/glob-7.1.6.tgz",
      "integrity": "sha512-LwaxwyZ72Lk7vZINtNNrywX0ZuLyStrdDtabefZKAY5ZGJhVtgdznluResxNmPitE0SAO+O26sWTHeKSI2wMBA==",
      "dev": true,
      "requires": {
        "fs.realpath": "^1.0.0",
        "inflight": "^1.0.4",
        "inherits": "2",
        "minimatch": "^3.0.4",
        "once": "^1.3.0",
        "path-is-absolute": "^1.0.0"
      }
    },
    "graceful-fs": {
      "version": "4.2.4",
      "resolved": "https://registry.npmjs.org/graceful-fs/-/graceful-fs-4.2.4.tgz",
      "integrity": "sha512-WjKPNJF79dtJAVniUlGGWHYGz2jWxT6VhN/4m1NdkbZ2nOsEF+cI1Edgql5zCRhs/VsQYRvrXctxktVXZUkixw=="
    },
    "ignore": {
      "version": "3.3.10",
      "resolved": "https://registry.npmjs.org/ignore/-/ignore-3.3.10.tgz",
      "integrity": "sha512-Pgs951kaMm5GXP7MOvxERINe3gsaVjUWFm+UZPSq9xYriQAksyhg0csnS0KXSNRD5NmNdapXEpjxG49+AKh/ug==",
      "dev": true
    },
    "inflight": {
      "version": "1.0.6",
      "resolved": "https://registry.npmjs.org/inflight/-/inflight-1.0.6.tgz",
      "integrity": "sha1-Sb1jMdfQLQwJvJEKEHW6gWW1bfk=",
      "dev": true,
      "requires": {
        "once": "^1.3.0",
        "wrappy": "1"
      }
    },
    "inherits": {
      "version": "2.0.4",
      "resolved": "https://registry.npmjs.org/inherits/-/inherits-2.0.4.tgz",
      "integrity": "sha512-k/vGaX4/Yla3WzyMCvTQOXYeIHvqOKtnqBduzTHpzpQZzAskKMhZ2K+EnBiSM9zGSoIFeMpXKxa4dYeZIQqewQ==",
      "dev": true
    },
    "kava": {
      "version": "5.4.0",
      "resolved": "https://registry.npmjs.org/kava/-/kava-5.4.0.tgz",
      "integrity": "sha512-bc26nSMihk/mprgN6Slzw68AFYfVzcQ7YGCADp0Pifd4wSQSN58RMUm9iqJ3nqg8vyo0nppyADaotpZZ8E07aA==",
      "dev": true,
      "requires": {
        "event-emitter-grouped": "^4.5.0",
        "taskgroup": "^7.6.0"
      }
    },
    "minimatch": {
      "version": "3.0.4",
      "resolved": "https://registry.npmjs.org/minimatch/-/minimatch-3.0.4.tgz",
      "integrity": "sha512-yJHVQEhyqPLUTgt9B83PXu6W3rx4MvvHvSUvToogpwoGDOUQ+yDrR0HRot+yOCdCO7u4hX3pWft6kWBBcqh0UA==",
      "dev": true,
      "requires": {
        "brace-expansion": "^1.1.7"
      }
    },
    "minimist": {
      "version": "0.0.10",
      "resolved": "https://registry.npmjs.org/minimist/-/minimist-0.0.10.tgz",
      "integrity": "sha1-3j+YVD2/lggr5IrRoMfNqDYwHc8=",
      "dev": true
    },
    "native-promise-pool": {
      "version": "3.6.0",
      "resolved": "https://registry.npmjs.org/native-promise-pool/-/native-promise-pool-3.6.0.tgz",
      "integrity": "sha512-TaJibaT3r77Cx9qC6Wpq/QZc10COdAhijWGDxR5c7OzToLwrgM4qxje5YC6ur9nv088Xkut7qm7YHuNHlt4Ljg==",
      "dev": true
    },
    "node-fetch": {
      "version": "2.6.0",
      "resolved": "https://registry.npmjs.org/node-fetch/-/node-fetch-2.6.0.tgz",
      "integrity": "sha512-8dG4H5ujfvFiqDmVu9fQ5bOHUC15JMjMY/Zumv26oOvvVJjM67KF8koCWIabKQ1GJIa9r2mMZscBq/TbdOcmNA==",
      "dev": true
    },
    "normalify": {
      "version": "2.11.0",
      "resolved": "https://registry.npmjs.org/normalify/-/normalify-2.11.0.tgz",
      "integrity": "sha512-t17x+NgzhvhnaS0KuYm8yZWkVfThJHAyM5AXUSoKvbbDQXH1TFQr/EPxK0lWi+KcrrGXbsmbEjRjywvk8nUgBQ==",
      "dev": true
    },
    "once": {
      "version": "1.4.0",
      "resolved": "https://registry.npmjs.org/once/-/once-1.4.0.tgz",
      "integrity": "sha1-WDsap3WWHUsROsF9nFC6753Xa9E=",
      "dev": true,
      "requires": {
        "wrappy": "1"
      }
    },
    "optimist": {
      "version": "0.6.1",
      "resolved": "https://registry.npmjs.org/optimist/-/optimist-0.6.1.tgz",
      "integrity": "sha1-2j6nRob6IaGaERwybpDrFaAZZoY=",
      "dev": true,
      "requires": {
        "minimist": "~0.0.1",
        "wordwrap": "~0.0.2"
      }
    },
    "path-is-absolute": {
      "version": "1.0.1",
      "resolved": "https://registry.npmjs.org/path-is-absolute/-/path-is-absolute-1.0.1.tgz",
      "integrity": "sha1-F0uSaHNVNP+8es5r9TpanhtcX18=",
      "dev": true
    },
    "projectz": {
      "version": "2.6.0",
      "resolved": "https://registry.npmjs.org/projectz/-/projectz-2.6.0.tgz",
      "integrity": "sha512-EEyXXz3K3OVyHzTTjQvecARF9jCBTLAJJ7/AxdY9vEkuSFWMYeSqZpF/2PYR8l69XY37fj8HXdweotzRewEuAw==",
      "dev": true,
      "requires": {
        "badges": "^4.8.0",
        "caterpillar": "^5.5.0",
        "caterpillar-filter": "^6.5.0",
        "caterpillar-human": "^6.5.0",
        "cson-parser": "^4.0.4",
        "fellow": "^6.10.0",
        "get-cli-arg": "^5.4.0",
        "spdx-expression-parse": "^3.0.1",
        "spdx-license-list": "^6.2.0",
        "typechecker": "^7.4.0"
      },
      "dependencies": {
        "typechecker": {
          "version": "7.5.0",
          "resolved": "https://registry.npmjs.org/typechecker/-/typechecker-7.5.0.tgz",
          "integrity": "sha512-3rN7f/Tx7Ydg72sFl8Lrbl6sx4YGljmU/CVNr9Df6lRikYxd3H1HK03j+ZqE7ZS2WWOOn0YOACziAT8r+9O0fw==",
          "dev": true
        }
      }
    },
    "readdir-cluster": {
      "version": "3.4.0",
      "resolved": "https://registry.npmjs.org/readdir-cluster/-/readdir-cluster-3.4.0.tgz",
      "integrity": "sha512-Gww00PTMFo6iczuRHL7lty7//GLeXa2hws8q2QUrRrd4JyTs/Mf7kocN8zZThpM0K8NMO7MEHtXN5AFCgbHf6A==",
      "dev": true
    },
    "requirefresh": {
      "version": "4.4.0",
      "resolved": "https://registry.npmjs.org/requirefresh/-/requirefresh-4.4.0.tgz",
      "integrity": "sha512-ev1HsKpAkWOPmYRhWkSlAgGju83upksqElQGz192ehiR84+0kwgj5GDttC288YykkAik8etrQ9yTlLHofdacSw=="
    },
    "resolve": {
      "version": "0.6.3",
      "resolved": "https://registry.npmjs.org/resolve/-/resolve-0.6.3.tgz",
      "integrity": "sha1-3ZV5gufnNt699TtYpN2RdUV13UY=",
      "dev": true
    },
    "rfc-log-levels": {
      "version": "3.5.0",
      "resolved": "https://registry.npmjs.org/rfc-log-levels/-/rfc-log-levels-3.5.0.tgz",
      "integrity": "sha512-OpikvAEizZMkOhwnJY8XDgRZar3DRj/2zo8bPeG0tF7umyBq55GNRSmKEBnquQvh4ZLHAN/PwGTKGQ4QkDgDNg==",
      "dev": true
    },
    "safefs": {
      "version": "6.4.0",
      "resolved": "https://registry.npmjs.org/safefs/-/safefs-6.4.0.tgz",
      "integrity": "sha512-1uVfHyiAcb6xe9p9nCkrKoWF1qJcMNhDjKIufYKwB3QY22aJwYeGwZDBIzKmVhM1LFs3dLkBusIeOJz1Oudzmw==",
      "requires": {
        "graceful-fs": "^4.2.4"
      }
    },
    "safeps": {
      "version": "10.4.0",
      "resolved": "https://registry.npmjs.org/safeps/-/safeps-10.4.0.tgz",
      "integrity": "sha512-bxBrc30gW9bl+kZ5LXFDyN7c4Tz7FbnoANAuHkkNGv/mff58sXJdHSIB06IGao4L/NLigWv0rF4BQNLAOL2hUA==",
      "dev": true,
      "requires": {
        "extract-opts": "^4.3.0",
        "safefs": "^6.3.0",
        "taskgroup": "^7.6.0",
        "typechecker": "^7.4.0"
      },
      "dependencies": {
        "typechecker": {
          "version": "7.5.0",
          "resolved": "https://registry.npmjs.org/typechecker/-/typechecker-7.5.0.tgz",
          "integrity": "sha512-3rN7f/Tx7Ydg72sFl8Lrbl6sx4YGljmU/CVNr9Df6lRikYxd3H1HK03j+ZqE7ZS2WWOOn0YOACziAT8r+9O0fw==",
          "dev": true
        }
      }
    },
    "semver": {
      "version": "6.3.0",
      "resolved": "https://registry.npmjs.org/semver/-/semver-6.3.0.tgz",
      "integrity": "sha512-b39TBaTSfV6yBrapU89p5fKekE2m/NwnDocOVruQFS1/veMgdzuPcnOM34M6CwxW8jH/lxEa5rBoDeUwu5HHTw==",
      "dev": true
    },
    "simplytyped": {
      "version": "3.3.0",
      "resolved": "https://registry.npmjs.org/simplytyped/-/simplytyped-3.3.0.tgz",
      "integrity": "sha512-mz4RaNdKTZiaKXgi6P1k/cdsxV3gz+y1Wh2NXHWD40dExktLh4Xx/h6MFakmQWODZHj/2rKe59acacpL74ZhQA==",
      "dev": true
    },
    "spdx-exceptions": {
      "version": "2.3.0",
      "resolved": "https://registry.npmjs.org/spdx-exceptions/-/spdx-exceptions-2.3.0.tgz",
      "integrity": "sha512-/tTrYOC7PPI1nUAgx34hUpqXuyJG+DTHJTnIULG4rDygi4xu/tfgmq1e1cIRwRzwZgo4NLySi+ricLkZkw4i5A==",
      "dev": true
    },
    "spdx-expression-parse": {
      "version": "3.0.1",
      "resolved": "https://registry.npmjs.org/spdx-expression-parse/-/spdx-expression-parse-3.0.1.tgz",
      "integrity": "sha512-cbqHunsQWnJNE6KhVSMsMeH5H/L9EpymbzqTQ3uLwNCLZ1Q481oWaofqH7nO6V07xlXwY6PhQdQ2IedWx/ZK4Q==",
      "dev": true,
      "requires": {
        "spdx-exceptions": "^2.1.0",
        "spdx-license-ids": "^3.0.0"
      }
    },
    "spdx-license-ids": {
      "version": "3.0.5",
      "resolved": "https://registry.npmjs.org/spdx-license-ids/-/spdx-license-ids-3.0.5.tgz",
      "integrity": "sha512-J+FWzZoynJEXGphVIS+XEh3kFSjZX/1i9gFBaWQcB+/tmpe2qUsSBABpcxqxnAxFdiUFEgAX1bjYGQvIZmoz9Q==",
      "dev": true
    },
    "spdx-license-list": {
      "version": "6.2.0",
      "resolved": "https://registry.npmjs.org/spdx-license-list/-/spdx-license-list-6.2.0.tgz",
      "integrity": "sha512-sHM1eQz+yYrKRIO5j/tzu3yWhbouQc2RYmCn5nNC296nVztW0VSlpJvmgsWPKAMEIqjfghXy3vvIwCbEOJPSHg==",
      "dev": true
    },
    "strip-json-comments": {
      "version": "1.0.4",
      "resolved": "https://registry.npmjs.org/strip-json-comments/-/strip-json-comments-1.0.4.tgz",
      "integrity": "sha1-HhX7ysl9Pumb8tc7TGVrCCu6+5E=",
      "dev": true
    },
    "taskgroup": {
      "version": "7.7.0",
      "resolved": "https://registry.npmjs.org/taskgroup/-/taskgroup-7.7.0.tgz",
      "integrity": "sha512-AzGP6+0Ur90btsHsgAjqUFZU0mswtswxgUph0dBW2BVwW0LjYJ4XI6VgS/UimaqpXR/XBR15kheVE9RKGTJAUw==",
      "dev": true,
      "requires": {
        "ambi": "3.2.0",
        "eachr": "^4.5.0",
        "extendr": "^5.5.0",
        "unbounded": "^3.3.0"
      }
    },
    "typechecker": {
      "version": "4.11.0",
      "resolved": "https://registry.npmjs.org/typechecker/-/typechecker-4.11.0.tgz",
      "integrity": "sha512-lz39Mc/d1UBcF/uQFL5P8L+oWdIn/stvkUgHf0tPRW4aEwGGErewNXo2Nb6We2WslWifn00rhcHbbRWRcTGhuw==",
      "dev": true,
      "requires": {
        "editions": "^2.2.0"
      },
      "dependencies": {
        "editions": {
          "version": "2.3.1",
          "resolved": "https://registry.npmjs.org/editions/-/editions-2.3.1.tgz",
          "integrity": "sha512-ptGvkwTvGdGfC0hfhKg0MT+TRLRKGtUiWGBInxOm5pz7ssADezahjCUaYuZ8Dr+C05FW0AECIIPt4WBxVINEhA==",
          "dev": true,
          "requires": {
            "errlop": "^2.0.0",
            "semver": "^6.3.0"
          }
        },
        "errlop": {
          "version": "2.2.0",
          "resolved": "https://registry.npmjs.org/errlop/-/errlop-2.2.0.tgz",
          "integrity": "sha512-e64Qj9+4aZzjzzFpZC7p5kmm/ccCrbLhAJplhsDXQFs87XTsXwOpH4s1Io2s90Tau/8r2j9f4l/thhDevRjzxw==",
          "dev": true
        }
      }
    },
    "unbounded": {
      "version": "3.4.0",
      "resolved": "https://registry.npmjs.org/unbounded/-/unbounded-3.4.0.tgz",
      "integrity": "sha512-d9LOcaNowWY9zEynpOzRCd7lpABqVD7svxkUBzZ6Va5QixAL0l3VjIXHwXli00ovHj19ABBcI9VeZYOke/hTsQ==",
      "dev": true
    },
    "valid-directory": {
      "version": "2.3.0",
      "resolved": "https://registry.npmjs.org/valid-directory/-/valid-directory-2.3.0.tgz",
      "integrity": "sha512-F19QLPvHR6oPhiKpyBHzIynM0OxxbHKJqr7ekngwMmFc0jENrE7Riddmdp/dfv8Ajl8y9vIWgFSosKZ3DgBPwQ==",
      "dev": true,
      "requires": {
        "readdir-cluster": "^3.4.0",
        "valid-filename": "^3.1.0"
      }
    },
    "valid-filename": {
      "version": "3.1.0",
      "resolved": "https://registry.npmjs.org/valid-filename/-/valid-filename-3.1.0.tgz",
      "integrity": "sha512-O99sdfhdGCiWoN4cv6Unq4eJ2EuXwRsOLCeSw+IJyMYgwVK0BPmaUnzhWQw5E8qknLTVrVExCr6xxTBnRBvtsQ==",
      "dev": true,
      "requires": {
        "filename-reserved-regex": "^2.0.0"
      }
    },
    "whatwg-fetch": {
      "version": "3.0.0",
      "resolved": "https://registry.npmjs.org/whatwg-fetch/-/whatwg-fetch-3.0.0.tgz",
      "integrity": "sha512-9GSJUgz1D4MfyKU7KRqwOjXCXTqWdFNvEr7eUBYchQiVc744mqK/MzXPNR2WsPkmkOa4ywfg8C2n8h+13Bey1Q==",
      "dev": true
    },
    "wordwrap": {
      "version": "0.0.3",
      "resolved": "https://registry.npmjs.org/wordwrap/-/wordwrap-0.0.3.tgz",
      "integrity": "sha1-o9XabNXAvAAI03I0u68b7WMFkQc=",
      "dev": true
    },
    "wrappy": {
      "version": "1.0.2",
      "resolved": "https://registry.npmjs.org/wrappy/-/wrappy-1.0.2.tgz",
      "integrity": "sha1-tSQ9jz7BqjXxNkYFvA0QNuMKtp8=",
      "dev": true
    }
  }
}
