{
  "name": "cson",
  "version": "7.20.0",
  "lockfileVersion": 1,
  "requires": true,
  "dependencies": {
    "@bevry/ansi": {
      "version": "1.4.0",
      "resolved": "https://registry.npmjs.org/@bevry/ansi/-/ansi-1.4.0.tgz",
      "integrity": "sha512-BHfYVDnwVyux5q18umKPow3CLMXKhkKT5rLKBJMtnhQWRfQy+/HnL7pt7VjpWjLEslBmX+Zg7Wcu4IeeNgRr6Q==",
      "dev": true
    },
    "@bevry/update-contributors": {
      "version": "1.16.0",
      "resolved": "https://registry.npmjs.org/@bevry/update-contributors/-/update-contributors-1.16.0.tgz",
      "integrity": "sha512-ocfte3OPcCPI7h3kzC6pPAyeXxcs8Vh4Q4u5ukPm7IO/oGBydwF/UkNw6p5rddO9+bCHyGoh0v9ILZSpFJjFxA==",
      "dev": true,
      "requires": {
        "getcontributors": "^2.21.0"
      }
    },
    "ambi": {
      "version": "3.2.0",
      "resolved": "https://registry.npmjs.org/ambi/-/ambi-3.2.0.tgz",
      "integrity": "sha512-nj5sHLPFd7u2OLmHdFs4DHt3gK6edpNw35hTRIKyI/Vd2Th5e4io50rw1lhmCdUNO2Mm4/4FkHmv6shEANAWcw==",
      "dev": true,
      "requires": {
        "editions": "^2.1.0",
        "typechecker": "^4.3.0"
      },
      "dependencies": {
        "editions": {
          "version": "2.3.1",
          "resolved": "https://registry.npmjs.org/editions/-/editions-2.3.1.tgz",
          "integrity": "sha512-ptGvkwTvGdGfC0hfhKg0MT+TRLRKGtUiWGBInxOm5pz7ssADezahjCUaYuZ8Dr+C05FW0AECIIPt4WBxVINEhA==",
          "dev": true,
          "requires": {
            "errlop": "^2.0.0",
            "semver": "^6.3.0"
          }
        },
        "errlop": {
          "version": "2.2.0",
          "resolved": "https://registry.npmjs.org/errlop/-/errlop-2.2.0.tgz",
          "integrity": "sha512-e64Qj9+4aZzjzzFpZC7p5kmm/ccCrbLhAJplhsDXQFs87XTsXwOpH4s1Io2s90Tau/8r2j9f4l/thhDevRjzxw==",
          "dev": true
        }
      }
    },
    "assert-helpers": {
      "version": "7.2.0",
      "resolved": "https://registry.npmjs.org/assert-helpers/-/assert-helpers-7.2.0.tgz",
      "integrity": "sha512-TAWHZSuyMv7hUnaobccQw0uzfpfwRaoWplf//ABO0a+05FcRURohS2UZgcSAemNxWi07mT1VvJwsvgo6ltW1ew==",
      "dev": true,
      "requires": {
        "@bevry/ansi": "^1.4.0",
        "editions": "^4.1.0",
        "errlop": "^3.16.0"
      }
    },
    "badges": {
      "version": "4.22.0",
      "resolved": "https://registry.npmjs.org/badges/-/badges-4.22.0.tgz",
      "integrity": "sha512-54Fj0gxhMfqU5pLJfIywYf0o1dUWwApwkbM5ez9qvo1OD3sFMYqiSoAsJk0I64QllLGeNAZMOQKSzQSahH/uMA==",
      "dev": true
    },
    "balanced-match": {
      "version": "1.0.0",
      "resolved": "https://registry.npmjs.org/balanced-match/-/balanced-match-1.0.0.tgz",
      "integrity": "sha1-ibTRmasr7kneFk6gK4nORi1xt2c=",
      "dev": true
    },
    "brace-expansion": {
      "version": "1.1.11",
      "resolved": "https://registry.npmjs.org/brace-expansion/-/brace-expansion-1.1.11.tgz",
      "integrity": "sha512-iCuPHDFgrHX7H2vEI/5xpz07zSHB00TpugqhmYtVmMO6518mCuRMoOYFldEBl0g187ufozdaHgWKcYFb61qGiA==",
      "dev": true,
      "requires": {
        "balanced-match": "^1.0.0",
        "concat-map": "0.0.1"
      }
    },
    "caterpillar": {
      "version": "6.5.0",
      "resolved": "https://registry.npmjs.org/caterpillar/-/caterpillar-6.5.0.tgz",
      "integrity": "sha512-1lYf+tcWF97Na71qC/9LqJNP81jqHGhLSVSHc9nXPBYrWal019ix2hhVHl8jhUIWPO58zlU8MlusUKFFHHp7lA==",
      "dev": true,
      "requires": {
        "@bevry/ansi": "^1.4.0",
        "editions": "^4.1.0",
        "get-current-line": "^6.1.0",
        "rfc-log-levels": "^3.13.0"
      }
    },
    "coffeelint": {
      "version": "2.1.0",
      "resolved": "https://registry.npmjs.org/coffeelint/-/coffeelint-2.1.0.tgz",
      "integrity": "sha1-r2XfNjTpmdmsAUgHNsNtPNL12tg=",
      "dev": true,
      "requires": {
        "coffeescript": "^2.1.0",
        "glob": "^7.0.6",
        "ignore": "^3.0.9",
        "optimist": "^0.6.1",
        "resolve": "^0.6.3",
        "strip-json-comments": "^1.0.2"
      }
    },
    "coffeescript": {
      "version": "2.5.1",
      "resolved": "https://registry.npmjs.org/coffeescript/-/coffeescript-2.5.1.tgz",
      "integrity": "sha512-J2jRPX0eeFh5VKyVnoLrfVFgLZtnnmp96WQSLAS8OrLm2wtQLcnikYKe1gViJKDH7vucjuhHvBKKBP3rKcD1tQ==",
      "dev": true
    },
    "concat-map": {
      "version": "0.0.1",
      "resolved": "https://registry.npmjs.org/concat-map/-/concat-map-0.0.1.tgz",
      "integrity": "sha1-2Klr13/Wjfd5OnMDajug1UBdR3s=",
      "dev": true
    },
    "cross-fetch": {
      "version": "3.0.5",
      "resolved": "https://registry.npmjs.org/cross-fetch/-/cross-fetch-3.0.5.tgz",
      "integrity": "sha512-FFLcLtraisj5eteosnX1gf01qYDCOc4fDy0+euOt8Kn9YBY2NtXL/pCoYPavw24NIQkQqm5ZOLsGD5Zzj0gyew==",
      "dev": true,
      "requires": {
        "node-fetch": "2.6.0"
      }
    },
    "cson-parser": {
      "version": "4.0.5",
      "resolved": "https://registry.npmjs.org/cson-parser/-/cson-parser-4.0.5.tgz",
      "integrity": "sha512-XgloWiJcHy3TeuonPJseMfZOuwDpfczIQ12xw+DS2D8TCFxbj61gVlu8Cfs6lOwucQlrJFCvBTiovBqYMwPfQw==",
      "requires": {
        "coffeescript": "^1.10.0"
      },
      "dependencies": {
        "coffeescript": {
          "version": "1.12.7",
          "resolved": "https://registry.npmjs.org/coffeescript/-/coffeescript-1.12.7.tgz",
          "integrity": "sha512-pLXHFxQMPklVoEekowk8b3erNynC+DVJzChxS/LCBBgR6/8AJkHivkm//zbowcfc7BTCAjryuhx6gPqPRfsFoA=="
        }
      }
    },
    "eachr": {
      "version": "4.5.0",
      "resolved": "https://registry.npmjs.org/eachr/-/eachr-4.5.0.tgz",
      "integrity": "sha512-9I664RWp6p8jvcHZIwo7bWaiSaUmA1wNSLKwNZEiaYjqiTARq3cGjyRiIunsopZv4QMmX3T5Hs17QoPAzdYxfg==",
      "requires": {
        "typechecker": "^6.2.0"
      },
      "dependencies": {
        "typechecker": {
          "version": "6.4.0",
          "resolved": "https://registry.npmjs.org/typechecker/-/typechecker-6.4.0.tgz",
          "integrity": "sha512-EbOu+9szY13mhl0EsvLXnR+pTCa3gTHQQPLdce72ujcC9fRHXlVFBNXtHeRhgzLxLlKUh4zA9C0tezLDgshf+A=="
        }
      }
    },
    "editions": {
      "version": "4.1.0",
      "resolved": "https://registry.npmjs.org/editions/-/editions-4.1.0.tgz",
      "integrity": "sha512-plSQ3jMEPAfw64awpRcE/sXSw1b/uGshyrSedJK47+PgOgzQ79uM48RumCZn05Xz1YYEBK4pzpdMjz2vYeDOpA==",
      "dev": true,
      "requires": {
        "errlop": "^3.15.0",
        "semver": "6.3.0"
      }
    },
    "errlop": {
      "version": "3.16.0",
      "resolved": "https://registry.npmjs.org/errlop/-/errlop-3.16.0.tgz",
      "integrity": "sha512-EImVPdre1rvGgt7kNbfGgTVRuCz9VuWDtGRxFpTbIz/i7dpToWs/MMXw6y1sCg69LK7qCj6czNuxhaa0msCyvg==",
      "dev": true
    },
    "event-emitter-grouped": {
      "version": "4.14.0",
      "resolved": "https://registry.npmjs.org/event-emitter-grouped/-/event-emitter-grouped-4.14.0.tgz",
      "integrity": "sha512-+WAYkB8Mkod6HLuwrnnhpq43Oa7HpnimjN1oVw/6uzQ+nmyQx3bNXZ1h+rc5XSHZ1eAWq1I4Ajbp/PpGgrwRgg==",
      "dev": true,
      "requires": {
        "taskgroup": "^7.14.0",
        "unbounded": "^3.10.0"
      }
    },
    "extendr": {
      "version": "5.14.0",
      "resolved": "https://registry.npmjs.org/extendr/-/extendr-5.14.0.tgz",
      "integrity": "sha512-FSkUxu20xDTTGiXYDBBC+ALTf20HrulDFgcQnv9n57JMw+7qndWzBo/HpETfLF5M1gwZMY0dWJ+dVzZ0X0ecOw==",
      "dev": true,
      "requires": {
        "typechecker": "^7.13.0"
      },
      "dependencies": {
        "typechecker": {
          "version": "7.15.0",
          "resolved": "https://registry.npmjs.org/typechecker/-/typechecker-7.15.0.tgz",
          "integrity": "sha512-ugeY5lMIW8c9cXE/rbt9/KHHarXxojg35it/NknIlVuP3g8j8ANaPEvyehTvFO09AKDlqNh0EUDP96mqv7MjaQ==",
          "dev": true
        }
      }
    },
    "extract-opts": {
      "version": "4.3.0",
      "resolved": "https://registry.npmjs.org/extract-opts/-/extract-opts-4.3.0.tgz",
      "integrity": "sha512-Dmssi1tgKJkQsVmbP7TgW/kbdc42SAsNf6h9ClweP+dS7O24YYMTXsNwPelxhx0LF15npiWwY5ahKtyQiNgxWA==",
      "requires": {
        "eachr": "^4.5.0",
        "typechecker": "^6.2.0"
      },
      "dependencies": {
        "typechecker": {
          "version": "6.4.0",
          "resolved": "https://registry.npmjs.org/typechecker/-/typechecker-6.4.0.tgz",
          "integrity": "sha512-EbOu+9szY13mhl0EsvLXnR+pTCa3gTHQQPLdce72ujcC9fRHXlVFBNXtHeRhgzLxLlKUh4zA9C0tezLDgshf+A=="
        }
      }
    },
    "fellow": {
      "version": "6.18.0",
      "resolved": "https://registry.npmjs.org/fellow/-/fellow-6.18.0.tgz",
      "integrity": "sha512-7xC66P4e1Gf7uS6vk0w1LQhI8ZI7Olhuv19I5x/G3W4iYu+HpjymLb/DUsmW3rPoGfFo6GFyhO6I3gceyuikPw==",
      "dev": true
    },
    "filename-reserved-regex": {
      "version": "2.0.0",
      "resolved": "https://registry.npmjs.org/filename-reserved-regex/-/filename-reserved-regex-2.0.0.tgz",
      "integrity": "sha1-q/c9+rc10EVECr/qLZHzieu/oik=",
      "dev": true
    },
    "fs.realpath": {
      "version": "1.0.0",
      "resolved": "https://registry.npmjs.org/fs.realpath/-/fs.realpath-1.0.0.tgz",
      "integrity": "sha1-FQStJSMVjKpA20onh8sBQRmU6k8=",
      "dev": true
    },
    "get-cli-arg": {
      "version": "6.6.0",
      "resolved": "https://registry.npmjs.org/get-cli-arg/-/get-cli-arg-6.6.0.tgz",
      "integrity": "sha512-Xt2xdkih7mWODij/w23Pso988rtA9yFMwbAfw8R3PlOR6PoH6GlU9llhxrp8x6OdWItTfehzOgm8wXBB3Bf0HA==",
      "dev": true,
      "requires": {
        "normalify": "^2.18.0"
      }
    },
    "get-current-line": {
      "version": "6.1.0",
      "resolved": "https://registry.npmjs.org/get-current-line/-/get-current-line-6.1.0.tgz",
      "integrity": "sha512-T6W7xzwBVoUC6FWrR308jqF9xiKdOv1j03wuGPaDlKK67woAgdLny09DlVcjC3YOyHtRNKZ7xeWrlvSxXRtVlQ==",
      "dev": true
    },
    "getcontributors": {
      "version": "2.21.0",
      "resolved": "https://registry.npmjs.org/getcontributors/-/getcontributors-2.21.0.tgz",
      "integrity": "sha512-tgJW/IlUmCdZLO0DQq5xTDYpgo05wIvIFfc+jN+NgA+qi28hzfhiVwR1HxxhZoSFjOpuynNsOloxc6PjAgukNw==",
      "dev": true,
      "requires": {
        "cross-fetch": "^3.0.5",
        "fellow": "^6.18.0",
        "getrepos": "^5.14.0",
        "githubauthreq": "^5.16.0",
        "simplytyped": "^3.3.0"
      }
    },
    "getrepos": {
      "version": "5.15.0",
      "resolved": "https://registry.npmjs.org/getrepos/-/getrepos-5.15.0.tgz",
      "integrity": "sha512-JWdBBGD1j5HtUeCVRd3FXUtc4MS+g1Tl7RGnM4BWL/0iZ+kEwruGGJ5nnNbvY4Pbhx8f2v00VhJ4HnnSVzrf8Q==",
      "dev": true,
      "requires": {
        "cross-fetch": "^3.0.5",
        "githubauthreq": "^5.16.0",
        "native-promise-pool": "^3.13.0",
        "simplytyped": "^3.3.0"
      }
    },
    "githubauthreq": {
      "version": "5.17.0",
      "resolved": "https://registry.npmjs.org/githubauthreq/-/githubauthreq-5.17.0.tgz",
      "integrity": "sha512-JCvphPAXW08mdvpIftgWsi0qIb8VyjWTfP6m35vzxqQGvYXcRh/lzmAhHvPLS2L7C11TiAgadOiUdF1Jr0hvJw==",
      "dev": true,
      "requires": {
        "editions": "^4.1.0",
        "simplytyped": "^3.3.0"
      },
      "dependencies": {
        "editions": {
          "version": "4.1.0",
          "resolved": "https://registry.npmjs.org/editions/-/editions-4.1.0.tgz",
          "integrity": "sha512-plSQ3jMEPAfw64awpRcE/sXSw1b/uGshyrSedJK47+PgOgzQ79uM48RumCZn05Xz1YYEBK4pzpdMjz2vYeDOpA==",
          "dev": true,
          "requires": {
            "errlop": "^3.15.0",
            "semver": "6.3.0"
          }
        }
      }
    },
    "glob": {
      "version": "7.1.6",
      "resolved": "https://registry.npmjs.org/glob/-/glob-7.1.6.tgz",
      "integrity": "sha512-LwaxwyZ72Lk7vZINtNNrywX0ZuLyStrdDtabefZKAY5ZGJhVtgdznluResxNmPitE0SAO+O26sWTHeKSI2wMBA==",
      "dev": true,
      "requires": {
        "fs.realpath": "^1.0.0",
        "inflight": "^1.0.4",
        "inherits": "2",
        "minimatch": "^3.0.4",
        "once": "^1.3.0",
        "path-is-absolute": "^1.0.0"
      }
    },
    "graceful-fs": {
      "version": "4.2.4",
      "resolved": "https://registry.npmjs.org/graceful-fs/-/graceful-fs-4.2.4.tgz",
      "integrity": "sha512-WjKPNJF79dtJAVniUlGGWHYGz2jWxT6VhN/4m1NdkbZ2nOsEF+cI1Edgql5zCRhs/VsQYRvrXctxktVXZUkixw=="
    },
    "ignore": {
      "version": "3.3.10",
      "resolved": "https://registry.npmjs.org/ignore/-/ignore-3.3.10.tgz",
      "integrity": "sha512-Pgs951kaMm5GXP7MOvxERINe3gsaVjUWFm+UZPSq9xYriQAksyhg0csnS0KXSNRD5NmNdapXEpjxG49+AKh/ug==",
      "dev": true
    },
    "inflight": {
      "version": "1.0.6",
      "resolved": "https://registry.npmjs.org/inflight/-/inflight-1.0.6.tgz",
      "integrity": "sha1-Sb1jMdfQLQwJvJEKEHW6gWW1bfk=",
      "dev": true,
      "requires": {
        "once": "^1.3.0",
        "wrappy": "1"
      }
    },
    "inherits": {
      "version": "2.0.4",
      "resolved": "https://registry.npmjs.org/inherits/-/inherits-2.0.4.tgz",
      "integrity": "sha512-k/vGaX4/Yla3WzyMCvTQOXYeIHvqOKtnqBduzTHpzpQZzAskKMhZ2K+EnBiSM9zGSoIFeMpXKxa4dYeZIQqewQ==",
      "dev": true
    },
    "kava": {
      "version": "5.11.0",
      "resolved": "https://registry.npmjs.org/kava/-/kava-5.11.0.tgz",
      "integrity": "sha512-rxtUc/68zVDc9ab0/aRsHnEeeUxA3HKWLJ2/K1sXTaD0wDAP5xW+uzP4SBdMbLmnCNICReWkrz+dvdgRYsLZZg==",
      "dev": true,
      "requires": {
        "event-emitter-grouped": "^4.14.0",
        "taskgroup": "^7.14.0"
      }
    },
    "minimatch": {
      "version": "3.0.4",
      "resolved": "https://registry.npmjs.org/minimatch/-/minimatch-3.0.4.tgz",
      "integrity": "sha512-yJHVQEhyqPLUTgt9B83PXu6W3rx4MvvHvSUvToogpwoGDOUQ+yDrR0HRot+yOCdCO7u4hX3pWft6kWBBcqh0UA==",
      "dev": true,
      "requires": {
        "brace-expansion": "^1.1.7"
      }
    },
    "minimist": {
      "version": "0.0.10",
      "resolved": "https://registry.npmjs.org/minimist/-/minimist-0.0.10.tgz",
      "integrity": "sha1-3j+YVD2/lggr5IrRoMfNqDYwHc8=",
      "dev": true
    },
    "native-promise-pool": {
      "version": "3.14.0",
      "resolved": "https://registry.npmjs.org/native-promise-pool/-/native-promise-pool-3.14.0.tgz",
      "integrity": "sha512-BlCFIakAhmbmczn/d36Zes+PUTBDIfUMxzQpVtTM6JJoP82Nf3dvcQP4SMametlXmZT4jm17YwDC6CDDXvwOBQ==",
      "dev": true
    },
    "node-fetch": {
      "version": "2.6.0",
      "resolved": "https://registry.npmjs.org/node-fetch/-/node-fetch-2.6.0.tgz",
      "integrity": "sha512-8dG4H5ujfvFiqDmVu9fQ5bOHUC15JMjMY/Zumv26oOvvVJjM67KF8koCWIabKQ1GJIa9r2mMZscBq/TbdOcmNA==",
      "dev": true
    },
    "normalify": {
      "version": "2.19.0",
      "resolved": "https://registry.npmjs.org/normalify/-/normalify-2.19.0.tgz",
      "integrity": "sha512-/JykE1xMT6Nmx3Dm/LlS2YsvTBH3D6jgisYkmI/dsqkbYwX2OFuIcimhr62Bs1ZFLp+Hsy7yXcVMLlcQLcPmBQ==",
      "dev": true
    },
    "once": {
      "version": "1.4.0",
      "resolved": "https://registry.npmjs.org/once/-/once-1.4.0.tgz",
      "integrity": "sha1-WDsap3WWHUsROsF9nFC6753Xa9E=",
      "dev": true,
      "requires": {
        "wrappy": "1"
      }
    },
    "optimist": {
      "version": "0.6.1",
      "resolved": "https://registry.npmjs.org/optimist/-/optimist-0.6.1.tgz",
      "integrity": "sha1-2j6nRob6IaGaERwybpDrFaAZZoY=",
      "dev": true,
      "requires": {
        "minimist": "~0.0.1",
        "wordwrap": "~0.0.2"
      }
    },
    "path-is-absolute": {
      "version": "1.0.1",
      "resolved": "https://registry.npmjs.org/path-is-absolute/-/path-is-absolute-1.0.1.tgz",
      "integrity": "sha1-F0uSaHNVNP+8es5r9TpanhtcX18=",
      "dev": true
    },
    "projectz": {
      "version": "2.15.0",
      "resolved": "https://registry.npmjs.org/projectz/-/projectz-2.15.0.tgz",
      "integrity": "sha512-yVDpwa8fVIc+28sqxuwtHmXZoCnCe4njDyFsLTEyjmF3dPPcmB0+dD+pgeXM3EEmY37MU/De1/amaFrkzC36dg==",
      "dev": true,
      "requires": {
        "badges": "^4.21.0",
        "caterpillar": "^6.2.0",
        "cson-parser": "^4.0.5",
        "errlop": "^3.16.0",
        "fellow": "^6.18.0",
        "get-cli-arg": "^6.6.0",
        "spdx-expression-parse": "^3.0.1",
        "spdx-license-list": "^6.2.0",
        "typechecker": "^7.13.0"
      },
      "dependencies": {
        "coffeescript": {
          "version": "1.12.7",
          "resolved": "https://registry.npmjs.org/coffeescript/-/coffeescript-1.12.7.tgz",
          "integrity": "sha512-pLXHFxQMPklVoEekowk8b3erNynC+DVJzChxS/LCBBgR6/8AJkHivkm//zbowcfc7BTCAjryuhx6gPqPRfsFoA==",
          "dev": true
        },
        "cson-parser": {
          "version": "4.0.5",
          "resolved": "https://registry.npmjs.org/cson-parser/-/cson-parser-4.0.5.tgz",
          "integrity": "sha512-XgloWiJcHy3TeuonPJseMfZOuwDpfczIQ12xw+DS2D8TCFxbj61gVlu8Cfs6lOwucQlrJFCvBTiovBqYMwPfQw==",
          "dev": true,
          "requires": {
            "coffeescript": "^1.10.0"
          }
        },
        "typechecker": {
          "version": "7.15.0",
          "resolved": "https://registry.npmjs.org/typechecker/-/typechecker-7.15.0.tgz",
          "integrity": "sha512-ugeY5lMIW8c9cXE/rbt9/KHHarXxojg35it/NknIlVuP3g8j8ANaPEvyehTvFO09AKDlqNh0EUDP96mqv7MjaQ==",
          "dev": true
        }
      }
    },
    "readdir-cluster": {
      "version": "3.12.0",
      "resolved": "https://registry.npmjs.org/readdir-cluster/-/readdir-cluster-3.12.0.tgz",
      "integrity": "sha512-a4yPRbIsIzMLiHsdPR93PMmHBepAUZBCHL8scUJRuVQYCYdM8Rl8CIrnFrt9+PaIGqjn6qoWpODLi90BJzPeFg==",
      "dev": true
    },
    "requirefresh": {
      "version": "4.12.0",
      "resolved": "https://registry.npmjs.org/requirefresh/-/requirefresh-4.12.0.tgz",
      "integrity": "sha512-RqegEw+EQk6kZZlStezko9SkYl2W40PIUnbyvPUWa278GRGu78v8Mx39NK39DQ7WjdJTmiW+QmOqy6/mk+f9KA=="
    },
    "resolve": {
      "version": "0.6.3",
      "resolved": "https://registry.npmjs.org/resolve/-/resolve-0.6.3.tgz",
      "integrity": "sha1-3ZV5gufnNt699TtYpN2RdUV13UY=",
      "dev": true
    },
    "rfc-log-levels": {
      "version": "3.13.0",
      "resolved": "https://registry.npmjs.org/rfc-log-levels/-/rfc-log-levels-3.13.0.tgz",
      "integrity": "sha512-2yBNrUkZwxMEXqoMX3CRPoBhwHqaB82zDo9spFGwThakM+eZ5nDuMTVQ7+JVL96JX8iQfCX3G82aDOo4Y76yUA==",
      "dev": true
    },
    "safefs": {
      "version": "6.12.0",
      "resolved": "https://registry.npmjs.org/safefs/-/safefs-6.12.0.tgz",
      "integrity": "sha512-AH5E4vT64a3C//wvyVFk3hABgefRbt2gqoW43uPlfA8LAe3Vjfkc5kaKd6O5LalIvHdDxc6pMOya6e7ZI/qJYg==",
      "requires": {
        "graceful-fs": "^4.2.4"
      }
    },
    "safeps": {
      "version": "10.13.0",
      "resolved": "https://registry.npmjs.org/safeps/-/safeps-10.13.0.tgz",
      "integrity": "sha512-fMSwsvWoOjA92Teky/8n1NUpv2w0zIi1/e1ne1bq6sCxk07CBhttWCoeuIh0YWtBNNuA59In6jwcQDRnh4looQ==",
      "dev": true,
      "requires": {
        "extract-opts": "^4.3.0",
        "safefs": "^6.11.0",
        "taskgroup": "^7.14.0",
        "typechecker": "^7.13.0"
      },
      "dependencies": {
        "typechecker": {
          "version": "7.15.0",
          "resolved": "https://registry.npmjs.org/typechecker/-/typechecker-7.15.0.tgz",
          "integrity": "sha512-ugeY5lMIW8c9cXE/rbt9/KHHarXxojg35it/NknIlVuP3g8j8ANaPEvyehTvFO09AKDlqNh0EUDP96mqv7MjaQ==",
          "dev": true
        }
      }
    },
    "semver": {
      "version": "6.3.0",
      "resolved": "https://registry.npmjs.org/semver/-/semver-6.3.0.tgz",
      "integrity": "sha512-b39TBaTSfV6yBrapU89p5fKekE2m/NwnDocOVruQFS1/veMgdzuPcnOM34M6CwxW8jH/lxEa5rBoDeUwu5HHTw==",
      "dev": true
    },
    "simplytyped": {
      "version": "3.3.0",
      "resolved": "https://registry.npmjs.org/simplytyped/-/simplytyped-3.3.0.tgz",
      "integrity": "sha512-mz4RaNdKTZiaKXgi6P1k/cdsxV3gz+y1Wh2NXHWD40dExktLh4Xx/h6MFakmQWODZHj/2rKe59acacpL74ZhQA==",
      "dev": true
    },
    "spdx-exceptions": {
      "version": "2.3.0",
      "resolved": "https://registry.npmjs.org/spdx-exceptions/-/spdx-exceptions-2.3.0.tgz",
      "integrity": "sha512-/tTrYOC7PPI1nUAgx34hUpqXuyJG+DTHJTnIULG4rDygi4xu/tfgmq1e1cIRwRzwZgo4NLySi+ricLkZkw4i5A==",
      "dev": true
    },
    "spdx-expression-parse": {
      "version": "3.0.1",
      "resolved": "https://registry.npmjs.org/spdx-expression-parse/-/spdx-expression-parse-3.0.1.tgz",
      "integrity": "sha512-cbqHunsQWnJNE6KhVSMsMeH5H/L9EpymbzqTQ3uLwNCLZ1Q481oWaofqH7nO6V07xlXwY6PhQdQ2IedWx/ZK4Q==",
      "dev": true,
      "requires": {
        "spdx-exceptions": "^2.1.0",
        "spdx-license-ids": "^3.0.0"
      }
    },
    "spdx-license-ids": {
      "version": "3.0.5",
      "resolved": "https://registry.npmjs.org/spdx-license-ids/-/spdx-license-ids-3.0.5.tgz",
      "integrity": "sha512-J+FWzZoynJEXGphVIS+XEh3kFSjZX/1i9gFBaWQcB+/tmpe2qUsSBABpcxqxnAxFdiUFEgAX1bjYGQvIZmoz9Q==",
      "dev": true
    },
    "spdx-license-list": {
      "version": "6.2.0",
      "resolved": "https://registry.npmjs.org/spdx-license-list/-/spdx-license-list-6.2.0.tgz",
      "integrity": "sha512-sHM1eQz+yYrKRIO5j/tzu3yWhbouQc2RYmCn5nNC296nVztW0VSlpJvmgsWPKAMEIqjfghXy3vvIwCbEOJPSHg==",
      "dev": true
    },
    "strip-json-comments": {
      "version": "1.0.4",
      "resolved": "https://registry.npmjs.org/strip-json-comments/-/strip-json-comments-1.0.4.tgz",
      "integrity": "sha1-HhX7ysl9Pumb8tc7TGVrCCu6+5E=",
      "dev": true
    },
    "taskgroup": {
      "version": "7.14.0",
      "resolved": "https://registry.npmjs.org/taskgroup/-/taskgroup-7.14.0.tgz",
      "integrity": "sha512-xdcidCFTjEj4CcWPm/gNbFGn1TNAiPF/ZUVTmtLIhWxCV4zj1qUXGpZjJ6edvuWM0K+kAGZrTIGS/5h94YO5rQ==",
      "dev": true,
      "requires": {
        "ambi": "3.2.0",
        "eachr": "^4.5.0",
        "extendr": "^5.13.0",
        "unbounded": "^3.9.0"
      }
    },
    "typechecker": {
      "version": "4.11.0",
      "resolved": "https://registry.npmjs.org/typechecker/-/typechecker-4.11.0.tgz",
      "integrity": "sha512-lz39Mc/d1UBcF/uQFL5P8L+oWdIn/stvkUgHf0tPRW4aEwGGErewNXo2Nb6We2WslWifn00rhcHbbRWRcTGhuw==",
      "dev": true,
      "requires": {
        "editions": "^2.2.0"
      },
      "dependencies": {
        "editions": {
          "version": "2.3.1",
          "resolved": "https://registry.npmjs.org/editions/-/editions-2.3.1.tgz",
          "integrity": "sha512-ptGvkwTvGdGfC0hfhKg0MT+TRLRKGtUiWGBInxOm5pz7ssADezahjCUaYuZ8Dr+C05FW0AECIIPt4WBxVINEhA==",
          "dev": true,
          "requires": {
            "errlop": "^2.0.0",
            "semver": "^6.3.0"
          }
        },
        "errlop": {
          "version": "2.2.0",
          "resolved": "https://registry.npmjs.org/errlop/-/errlop-2.2.0.tgz",
          "integrity": "sha512-e64Qj9+4aZzjzzFpZC7p5kmm/ccCrbLhAJplhsDXQFs87XTsXwOpH4s1Io2s90Tau/8r2j9f4l/thhDevRjzxw==",
          "dev": true
        }
      }
    },
    "unbounded": {
      "version": "3.11.0",
      "resolved": "https://registry.npmjs.org/unbounded/-/unbounded-3.11.0.tgz",
      "integrity": "sha512-2IShzswkyv+PJfXBaNpYsjs3xKY46xtqde39W+7xjb3AiffKGXS3FSfaWfbHxsmRk546nKpV9wIRXy/x7rx2yQ==",
      "dev": true
    },
    "valid-directory": {
      "version": "3.3.0",
      "resolved": "https://registry.npmjs.org/valid-directory/-/valid-directory-3.3.0.tgz",
      "integrity": "sha512-UtiySlp1QwqrHfNw8an+d6/pDfSgSy4EbZmgFJYE5nGwuzd/GHRWAXBetAyreVXT9IJbVWb8B8BtKd+XIJYueQ==",
      "dev": true,
      "requires": {
        "editions": "^4.1.0",
        "readdir-cluster": "^3.12.0",
        "valid-filename": "^3.1.0"
      }
    },
    "valid-filename": {
      "version": "3.1.0",
      "resolved": "https://registry.npmjs.org/valid-filename/-/valid-filename-3.1.0.tgz",
      "integrity": "sha512-O99sdfhdGCiWoN4cv6Unq4eJ2EuXwRsOLCeSw+IJyMYgwVK0BPmaUnzhWQw5E8qknLTVrVExCr6xxTBnRBvtsQ==",
      "dev": true,
      "requires": {
        "filename-reserved-regex": "^2.0.0"
      }
    },
    "wordwrap": {
      "version": "0.0.3",
      "resolved": "https://registry.npmjs.org/wordwrap/-/wordwrap-0.0.3.tgz",
      "integrity": "sha1-o9XabNXAvAAI03I0u68b7WMFkQc=",
      "dev": true
    },
    "wrappy": {
      "version": "1.0.2",
      "resolved": "https://registry.npmjs.org/wrappy/-/wrappy-1.0.2.tgz",
      "integrity": "sha1-tSQ9jz7BqjXxNkYFvA0QNuMKtp8=",
      "dev": true
    }
  }
}
