# THIS IS AN AUTOGENERATED FILE. DO NOT EDIT THIS FILE DIRECTLY.
# yarn lockfile v1


"@bevry/update-contributors@^1.12.0":
  version "1.12.0"
  resolved "https://registry.yarnpkg.com/@bevry/update-contributors/-/update-contributors-1.12.0.tgz#f0779e9b0d782cec8befae0e816d498325c95292"
  integrity sha512-Y3hdGf12vuTB6PfnSNNztLKNzi3QV6fUXsqOoM32QDeh0fYHlw1OLrBH/785RyQ6OtdhHOepImFsPAMUxtr/bQ==
  dependencies:
    getcontributors "^2.13.0"

"@types/ansicolors@^0.0.33":
  version "0.0.33"
  resolved "https://registry.yarnpkg.com/@types/ansicolors/-/ansicolors-0.0.33.tgz#9156c5dee959e4fa1a04c7e2a6a03a32f190ba45"
  integrity sha512-dVS1WW/BqYdwbv1H0Cgpq8ChV4VowUXz+R7pYKGEHhF+mdg/MibuE+6Et/GBxg6nfKKFVf2ZsQkyr7XNR2SqxA==

"@types/diff@^4.0.2":
  version "4.0.2"
  resolved "https://registry.yarnpkg.com/@types/diff/-/diff-4.0.2.tgz#2e9bb89f9acc3ab0108f0f3dc4dbdcf2fff8a99c"
  integrity sha512-mIenTfsIe586/yzsyfql69KRnA75S8SVXQbTLpDejRrjH0QSJcpu3AUOi/Vjnt9IOsXKxPhJfGpQUNMueIU1fQ==

"@types/node@^14.0.14":
  version "14.0.14"
  resolved "https://registry.yarnpkg.com/@types/node/-/node-14.0.14.tgz#24a0b5959f16ac141aeb0c5b3cd7a15b7c64cbce"
  integrity sha512-syUgf67ZQpaJj01/tRTknkMNoBBLWJOBODF0Zm4NrXmiSuxjymFrxnTu1QVYRubhVkRcZLYZG8STTwJRdVm/WQ==

ambi@3, ambi@3.2.0:
  version "3.2.0"
  resolved "https://registry.yarnpkg.com/ambi/-/ambi-3.2.0.tgz#13b45fcf6845465f652137f80176322e911b70d6"
  integrity sha512-nj5sHLPFd7u2OLmHdFs4DHt3gK6edpNw35hTRIKyI/Vd2Th5e4io50rw1lhmCdUNO2Mm4/4FkHmv6shEANAWcw==
  dependencies:
    editions "^2.1.0"
    typechecker "^4.3.0"

ansicolors@^0.3.2, ansicolors@~0.3.2:
  version "0.3.2"
  resolved "https://registry.yarnpkg.com/ansicolors/-/ansicolors-0.3.2.tgz#665597de86a9ffe3aa9bfbe6cae5c6ea426b4979"
  integrity sha1-ZlWX3oap/+Oqm/vmyuXG6kJrSXk=

ansistyles@~0.1.3:
  version "0.1.3"
  resolved "https://registry.yarnpkg.com/ansistyles/-/ansistyles-0.1.3.tgz#5de60415bda071bb37127854c864f41b23254539"
  integrity sha1-XeYEFb2gcbs3EnhUyGT0GyMlRTk=

assert-helpers@^6.13.0:
  version "6.13.0"
  resolved "https://registry.yarnpkg.com/assert-helpers/-/assert-helpers-6.13.0.tgz#61b469769f6a13307ec3ce94908faa99def5f217"
  integrity sha512-plZTTRls5KhJ6IbQ9NCqhuddX9h2rlrZ9Ru8n8GrT1vw4xiT9/w0QYvGGQBRhGAQNnHtYsK1l2tLixu6OoObuQ==
  dependencies:
    "@types/ansicolors" "^0.0.33"
    "@types/diff" "^4.0.2"
    "@types/node" "^14.0.14"
    ansicolors "^0.3.2"
    diff "^4.0.2"
    errlop "3.9.0"

badges@^4.13.0:
  version "4.14.0"
  resolved "https://registry.yarnpkg.com/badges/-/badges-4.14.0.tgz#3dd8755079dbf41aa26a795d7d8e71bd8c8352f4"
  integrity sha512-nlhFiI03a2LRWHyTzwV8STwrS3yBnZFRH3V9PxawpdQDSQ92EkU6aVNxlHtmCzJSBn49L2KkdRZXubwZJ8mkgw==

balanced-match@^1.0.0:
  version "1.0.0"
  resolved "https://registry.yarnpkg.com/balanced-match/-/balanced-match-1.0.0.tgz#89b4d199ab2bee49de164ea02b89ce462d71b767"
  integrity sha1-ibTRmasr7kneFk6gK4nORi1xt2c=

brace-expansion@^1.1.7:
  version "1.1.11"
  resolved "https://registry.yarnpkg.com/brace-expansion/-/brace-expansion-1.1.11.tgz#3c7fcbf529d87226f3d2f52b966ff5271eb441dd"
  integrity sha512-iCuPHDFgrHX7H2vEI/5xpz07zSHB00TpugqhmYtVmMO6518mCuRMoOYFldEBl0g187ufozdaHgWKcYFb61qGiA==
  dependencies:
    balanced-match "^1.0.0"
    concat-map "0.0.1"

caterpillar-filter@^6.10.0:
  version "6.11.0"
  resolved "https://registry.yarnpkg.com/caterpillar-filter/-/caterpillar-filter-6.11.0.tgz#acd144e976cb638f21a16489fe8f41e18a80b0b3"
  integrity sha512-4Km08252Z1SyygYYwsaR7cKfhHTY3nAXYxvgRyurDP337l2N9gSZrFozQ905eJahxXoiKgyGaABpxK9E1eh6Vw==

caterpillar-human@^6.10.0:
  version "6.11.0"
  resolved "https://registry.yarnpkg.com/caterpillar-human/-/caterpillar-human-6.11.0.tgz#087517edcda6c2ddd7f8b11fe0058d1bef5a548c"
  integrity sha512-sX5tCv6jwKlUgPzdxr6dnaeCJ66UM6Xv6qvUKqUPC57VnozTe25QoEOTmaB+O9gTd6i0NUocVVQFvPmShz06Gw==
  dependencies:
    ansicolors "~0.3.2"
    ansistyles "~0.1.3"

caterpillar@^5.10.0:
  version "5.11.0"
  resolved "https://registry.yarnpkg.com/caterpillar/-/caterpillar-5.11.0.tgz#b7286019aafa285df5682b987135f353e0943170"
  integrity sha512-rtInTA5fqSe5Lj5YXaFtQvdwS1cmCqOKcmx1ey4jjzkDaMXJG2ptae+RXAJ6dCKMGleCz3QrenxoLgJL+56E/Q==
  dependencies:
    extendr "5.9.0"
    get-current-line "5.9.0"
    rfc-log-levels "3.9.0"

coffeelint@^2.1.0:
  version "2.1.0"
  resolved "https://registry.yarnpkg.com/coffeelint/-/coffeelint-2.1.0.tgz#af65df3634e999d9ac01480736c36d3cd2f5dad8"
  integrity sha1-r2XfNjTpmdmsAUgHNsNtPNL12tg=
  dependencies:
    coffeescript "^2.1.0"
    glob "^7.0.6"
    ignore "^3.0.9"
    optimist "^0.6.1"
    resolve "^0.6.3"
    strip-json-comments "^1.0.2"

coffeescript@^1.10.0:
  version "1.12.7"
  resolved "https://registry.yarnpkg.com/coffeescript/-/coffeescript-1.12.7.tgz#e57ee4c4867cf7f606bfc4a0f2d550c0981ddd27"
  integrity sha512-pLXHFxQMPklVoEekowk8b3erNynC+DVJzChxS/LCBBgR6/8AJkHivkm//zbowcfc7BTCAjryuhx6gPqPRfsFoA==

coffeescript@^2.1.0, coffeescript@^2.5.1:
  version "2.5.1"
  resolved "https://registry.yarnpkg.com/coffeescript/-/coffeescript-2.5.1.tgz#b2442a1f2c806139669534a54adc35010559d16a"
  integrity sha512-J2jRPX0eeFh5VKyVnoLrfVFgLZtnnmp96WQSLAS8OrLm2wtQLcnikYKe1gViJKDH7vucjuhHvBKKBP3rKcD1tQ==

concat-map@0.0.1:
  version "0.0.1"
  resolved "https://registry.yarnpkg.com/concat-map/-/concat-map-0.0.1.tgz#d8a96bd77fd68df7793a73036a3ba0d5405d477b"
  integrity sha1-2Klr13/Wjfd5OnMDajug1UBdR3s=

cross-fetch@^3.0.4:
  version "3.0.5"
  resolved "https://registry.yarnpkg.com/cross-fetch/-/cross-fetch-3.0.5.tgz#2739d2981892e7ab488a7ad03b92df2816e03f4c"
  integrity sha512-FFLcLtraisj5eteosnX1gf01qYDCOc4fDy0+euOt8Kn9YBY2NtXL/pCoYPavw24NIQkQqm5ZOLsGD5Zzj0gyew==
  dependencies:
    node-fetch "2.6.0"

cson-parser@^4.0.4:
  version "4.0.4"
  resolved "https://registry.yarnpkg.com/cson-parser/-/cson-parser-4.0.4.tgz#272e45810523b2f50b3d14b526a9b0f36fb0d267"
  integrity sha512-veObnzR9fDs/+kvio0I+jeZXjsJ9jF0jtisl7g+z9J0YzlJ0UjCaGtbUd6JgKcfBlF7RSaSb7GMJYvGqp64pcg==
  dependencies:
    coffeescript "^1.10.0"

diff@^4.0.2:
  version "4.0.2"
  resolved "https://registry.yarnpkg.com/diff/-/diff-4.0.2.tgz#60f3aecb89d5fae520c11aa19efc2bb982aade7d"
  integrity sha512-58lmxKSA4BNyLz+HHMUzlOEpg09FV+ev6ZMe3vJihgdxzgcwZ8VoEEPmALCZG9LmqfVoNMMKpttIYTVG6uDY7A==

eachr@^4.5.0:
  version "4.5.0"
  resolved "https://registry.yarnpkg.com/eachr/-/eachr-4.5.0.tgz#495eb3aab6a41811da1e04e510424df32075cf04"
  integrity sha512-9I664RWp6p8jvcHZIwo7bWaiSaUmA1wNSLKwNZEiaYjqiTARq3cGjyRiIunsopZv4QMmX3T5Hs17QoPAzdYxfg==
  dependencies:
    typechecker "^6.2.0"

editions@3.5.0:
  version "3.5.0"
  resolved "https://registry.yarnpkg.com/editions/-/editions-3.5.0.tgz#11c37f789a5c28fcfcf513a1cc49e7e2c0d31d81"
  integrity sha512-iSTtszoco9ln3m3NdCUXOVBrOTArjWww76RK2o1PK/kCZTKCHH8GtvXYYi2h0/71bbFZncUVGFW54WClijGdVg==
  dependencies:
    errlop "^3.5.0"
    semver "6.3.0"

editions@^2.1.0, editions@^2.2.0:
  version "2.3.1"
  resolved "https://registry.yarnpkg.com/editions/-/editions-2.3.1.tgz#3bc9962f1978e801312fbd0aebfed63b49bfe698"
  integrity sha512-ptGvkwTvGdGfC0hfhKg0MT+TRLRKGtUiWGBInxOm5pz7ssADezahjCUaYuZ8Dr+C05FW0AECIIPt4WBxVINEhA==
  dependencies:
    errlop "^2.0.0"
    semver "^6.3.0"

editions@^3.4.0, editions@^3.9.0:
  version "3.9.0"
  resolved "https://registry.yarnpkg.com/editions/-/editions-3.9.0.tgz#b10a6dd7b399cb94363d2111b7f53c9b04c214e6"
  integrity sha512-u/x7nwf2mgKxi1DDa8KbzmjTs2wKYGAjfeNxbSUomVS0t9CY9i5867SruRdgCnSxZeNjPY2CLQxhTYt7q2uC2A==
  dependencies:
    errlop "3.5.0"
    semver "6"

errlop@3.5.0:
  version "3.5.0"
  resolved "https://registry.yarnpkg.com/errlop/-/errlop-3.5.0.tgz#4d434606fd219f294d5ea489e71d0434191aebf4"
  integrity sha512-EU8r0FtFCGd1GPQTY7cxbmvNA5YEAIZJBewJTfB1dcRBsaEpXJJrF33kj8Y3fkAaidA8WnMrgtuSXXcULGA5zA==

errlop@3.9.0, errlop@^3.5.0, errlop@^3.9.0:
  version "3.9.0"
  resolved "https://registry.yarnpkg.com/errlop/-/errlop-3.9.0.tgz#a4981bd694496d42d667d317b9d4a9e9d232023c"
  integrity sha512-LD7/NqU7OssMW9YOqyel1vW/L47GMV4O8YilSQHl86e8CsxSjOmxnaKayBPAcEBxTQ70hAeB5gA82nSgY1Bb9w==

errlop@^2.0.0:
  version "2.2.0"
  resolved "https://registry.yarnpkg.com/errlop/-/errlop-2.2.0.tgz#1ff383f8f917ae328bebb802d6ca69666a42d21b"
  integrity sha512-e64Qj9+4aZzjzzFpZC7p5kmm/ccCrbLhAJplhsDXQFs87XTsXwOpH4s1Io2s90Tau/8r2j9f4l/thhDevRjzxw==

event-emitter-grouped@4.5.0:
  version "4.5.0"
  resolved "https://registry.yarnpkg.com/event-emitter-grouped/-/event-emitter-grouped-4.5.0.tgz#d969eb9eceddb786cf1220c830a84d683557d91f"
  integrity sha512-6dUuJXk/wGZN2sJM1gFuv4jF/hHS0LNWo+OI0wV9oXZVofWPVqvqqZwo+IdKsF/U1NnvlE8axbK0jyzeuP48TQ==
  dependencies:
    taskgroup "^7.6.0"
    unbounded "^3.3.0"

extendr@5.9.0, extendr@^5.5.0, extendr@^5.7.0:
  version "5.9.0"
  resolved "https://registry.yarnpkg.com/extendr/-/extendr-5.9.0.tgz#8cfebe4870bc0197e990d5d1416375534dbdc673"
  integrity sha512-eDmfkqSRXPrTguRZpDHYptEphgl67qlq3FOO+zWmI1q8CqOeJulYdTVIp9pNGZ6KQfTo4Mm61H2B0fB66Ej1hQ==
  dependencies:
    typechecker "7.5.0"

extract-opts@^4.3.0:
  version "4.3.0"
  resolved "https://registry.yarnpkg.com/extract-opts/-/extract-opts-4.3.0.tgz#ee0a797249abb77e449bdaaba66ebeff4775505e"
  integrity sha512-Dmssi1tgKJkQsVmbP7TgW/kbdc42SAsNf6h9ClweP+dS7O24YYMTXsNwPelxhx0LF15npiWwY5ahKtyQiNgxWA==
  dependencies:
    eachr "^4.5.0"
    typechecker "^6.2.0"

fellow@6.10.0:
  version "6.10.0"
  resolved "https://registry.yarnpkg.com/fellow/-/fellow-6.10.0.tgz#c6bd7e6c7c34869ff3e726c06a8d148c44c326f8"
  integrity sha512-YC4nniyJZxuLvHt61i1ntxoAR8RZeBXrXfzAiMpnOTk7bpn7D6K9pvc3UZ8vjt/Ci7QN1BM7rXfomm2HRW4kjA==

fellow@^6.14.0:
  version "6.14.0"
  resolved "https://registry.yarnpkg.com/fellow/-/fellow-6.14.0.tgz#318934ff1243d47e29507a10d8458fe51fd6341c"
  integrity sha512-Sj4L/HGCyfBeEPd1hekxkvn+Sre0ylttubJrZVZr05J8wXaYVmiLCI3d2SAUmPcQ2viK2RZEWehMhaVGKeldCg==

filename-reserved-regex@^2.0.0:
  version "2.0.0"
  resolved "https://registry.yarnpkg.com/filename-reserved-regex/-/filename-reserved-regex-2.0.0.tgz#abf73dfab735d045440abfea2d91f389ebbfa229"
  integrity sha1-q/c9+rc10EVECr/qLZHzieu/oik=

fs.realpath@^1.0.0:
  version "1.0.0"
  resolved "https://registry.yarnpkg.com/fs.realpath/-/fs.realpath-1.0.0.tgz#1504ad2523158caa40db4a2787cb01411994ea4f"
  integrity sha1-FQStJSMVjKpA20onh8sBQRmU6k8=

get-cli-arg@^5.8.0:
  version "5.8.0"
  resolved "https://registry.yarnpkg.com/get-cli-arg/-/get-cli-arg-5.8.0.tgz#c22d531c6347b3a1f70f867fae34491454d05ca7"
  integrity sha512-bIDyjolgNP5lShk+o+Sj14TqLtWhNkGCXf6E/apReY3knpKGI8ZpBwkrG1b3wCDwSDifdq/mqfI6JQ6sWQGQsw==
  dependencies:
    normalify "2.11.0"

get-current-line@5.9.0:
  version "5.9.0"
  resolved "https://registry.yarnpkg.com/get-current-line/-/get-current-line-5.9.0.tgz#8fa63dd7dc0804d8080630f4ef5e74c13f669d8e"
  integrity sha512-tzrk1f5k4Zw+YkKZ4EqvtA7XWziDMll4EAytL9EEXkkKJaD7iXaJJzXpRLfitmgDVq8b5hM14rpZwHcUfuK5HQ==

getcontributors@^2.13.0:
  version "2.16.0"
  resolved "https://registry.yarnpkg.com/getcontributors/-/getcontributors-2.16.0.tgz#84c5ec6312af47599d4a33ff308c0e05c3864571"
  integrity sha512-rCAehBfTZv5cghNEhfoeZExOOmTVdTLMd5d+RIcpAtkwXReFMu/5vruDTUU2OxVR9UyclfvOUmnr5A8VUyDo8g==
  dependencies:
    cross-fetch "^3.0.4"
    fellow "6.10.0"
    getrepos "5.6.0"
    githubauthreq "5.7.0"
    simplytyped "^3.3.0"

getrepos@5.6.0:
  version "5.6.0"
  resolved "https://registry.yarnpkg.com/getrepos/-/getrepos-5.6.0.tgz#05ad749e1b30b43207a4bc6c473a2644be881285"
  integrity sha512-X44Sz8ZSkEUBRPJcjRlK3oU8jluaaFpRAOfIcqmQBKOBh+0/9HImI5uU5DMmwCuNPzPxW6M3rWW+UEPQsP8gsw==
  dependencies:
    cross-fetch "^3.0.4"
    githubauthreq "^5.6.0"
    native-promise-pool "^3.5.0"
    simplytyped "^3.3.0"

githubauthreq@5.7.0:
  version "5.7.0"
  resolved "https://registry.yarnpkg.com/githubauthreq/-/githubauthreq-5.7.0.tgz#92cfd62044a043f364ad65043da6a1c8f512dd59"
  integrity sha512-Jqn3AKY8yUiIrxyA/GQV7/tS5K//t8d3jxs65ElWbTEskzed/us5TgM3lowhHh36WW1dUDj/W75J5kN9Uny3Nw==
  dependencies:
    editions "^3.4.0"
    simplytyped "^3.3.0"

githubauthreq@^5.6.0:
  version "5.11.0"
  resolved "https://registry.yarnpkg.com/githubauthreq/-/githubauthreq-5.11.0.tgz#ee0cc179a55ee00c178228d23adc277e322876e5"
  integrity sha512-qtrq1Ff6avb8SdJhAj9278IxIVaFvUhb9kagoyO1usl2BmluW8xqLhtoKttgQNVnJxvh3iKQYyZsdswFHWz6iA==
  dependencies:
    editions "^3.9.0"
    simplytyped "^3.3.0"

glob@^7.0.6:
  version "7.1.6"
  resolved "https://registry.yarnpkg.com/glob/-/glob-7.1.6.tgz#141f33b81a7c2492e125594307480c46679278a6"
  integrity sha512-LwaxwyZ72Lk7vZINtNNrywX0ZuLyStrdDtabefZKAY5ZGJhVtgdznluResxNmPitE0SAO+O26sWTHeKSI2wMBA==
  dependencies:
    fs.realpath "^1.0.0"
    inflight "^1.0.4"
    inherits "2"
    minimatch "^3.0.4"
    once "^1.3.0"
    path-is-absolute "^1.0.0"

graceful-fs@^4.2.4:
  version "4.2.4"
  resolved "https://registry.yarnpkg.com/graceful-fs/-/graceful-fs-4.2.4.tgz#2256bde14d3632958c465ebc96dc467ca07a29fb"
  integrity sha512-WjKPNJF79dtJAVniUlGGWHYGz2jWxT6VhN/4m1NdkbZ2nOsEF+cI1Edgql5zCRhs/VsQYRvrXctxktVXZUkixw==

ignore@^3.0.9:
  version "3.3.10"
  resolved "https://registry.yarnpkg.com/ignore/-/ignore-3.3.10.tgz#0a97fb876986e8081c631160f8f9f389157f0043"
  integrity sha512-Pgs951kaMm5GXP7MOvxERINe3gsaVjUWFm+UZPSq9xYriQAksyhg0csnS0KXSNRD5NmNdapXEpjxG49+AKh/ug==

inflight@^1.0.4:
  version "1.0.6"
  resolved "https://registry.yarnpkg.com/inflight/-/inflight-1.0.6.tgz#49bd6331d7d02d0c09bc910a1075ba8165b56df9"
  integrity sha1-Sb1jMdfQLQwJvJEKEHW6gWW1bfk=
  dependencies:
    once "^1.3.0"
    wrappy "1"

inherits@2:
  version "2.0.4"
  resolved "https://registry.yarnpkg.com/inherits/-/inherits-2.0.4.tgz#0fa2c64f932917c3433a0ded55363aae37416b7c"
  integrity sha512-k/vGaX4/Yla3WzyMCvTQOXYeIHvqOKtnqBduzTHpzpQZzAskKMhZ2K+EnBiSM9zGSoIFeMpXKxa4dYeZIQqewQ==

kava@^5.7.0:
  version "5.7.0"
  resolved "https://registry.yarnpkg.com/kava/-/kava-5.7.0.tgz#91591ce7a0beebbaae82a5c04812725aa32583bc"
  integrity sha512-gso9hwp+BbOeW6JuM5pw2IvxoEqnJxhKe13cMTP0RdgMDUNHpjq3jXPUM8IIdY8d56IUI8Kky7MZVAN8O9RJyA==
  dependencies:
    editions "3.5.0"
    event-emitter-grouped "4.5.0"
    taskgroup "7.7.0"

minimatch@^3.0.4:
  version "3.0.4"
  resolved "https://registry.yarnpkg.com/minimatch/-/minimatch-3.0.4.tgz#5166e286457f03306064be5497e8dbb0c3d32083"
  integrity sha512-yJHVQEhyqPLUTgt9B83PXu6W3rx4MvvHvSUvToogpwoGDOUQ+yDrR0HRot+yOCdCO7u4hX3pWft6kWBBcqh0UA==
  dependencies:
    brace-expansion "^1.1.7"

minimist@~0.0.1:
  version "0.0.10"
  resolved "https://registry.yarnpkg.com/minimist/-/minimist-0.0.10.tgz#de3f98543dbf96082be48ad1a0c7cda836301dcf"
  integrity sha1-3j+YVD2/lggr5IrRoMfNqDYwHc8=

native-promise-pool@^3.5.0:
  version "3.10.0"
  resolved "https://registry.yarnpkg.com/native-promise-pool/-/native-promise-pool-3.10.0.tgz#f4717e064eb6d8e93dc3e4f6a862df3907466b54"
  integrity sha512-+P5jCBH4QQqhoxSp7EhN+HE+wESMLzN+JmK+/AvsRybdVY8sBZWe5gjLZxU89htiF2tvAXZZR55h8aZ79nhFww==

node-fetch@2.6.0:
  version "2.6.0"
  resolved "https://registry.yarnpkg.com/node-fetch/-/node-fetch-2.6.0.tgz#e633456386d4aa55863f676a7ab0daa8fdecb0fd"
  integrity sha512-8dG4H5ujfvFiqDmVu9fQ5bOHUC15JMjMY/Zumv26oOvvVJjM67KF8koCWIabKQ1GJIa9r2mMZscBq/TbdOcmNA==

normalify@2.11.0:
  version "2.11.0"
  resolved "https://registry.yarnpkg.com/normalify/-/normalify-2.11.0.tgz#4e2de5e06e76e4346f8609c7e90781b260ad7481"
  integrity sha512-t17x+NgzhvhnaS0KuYm8yZWkVfThJHAyM5AXUSoKvbbDQXH1TFQr/EPxK0lWi+KcrrGXbsmbEjRjywvk8nUgBQ==

once@^1.3.0:
  version "1.4.0"
  resolved "https://registry.yarnpkg.com/once/-/once-1.4.0.tgz#583b1aa775961d4b113ac17d9c50baef9dd76bd1"
  integrity sha1-WDsap3WWHUsROsF9nFC6753Xa9E=
  dependencies:
    wrappy "1"

optimist@^0.6.1:
  version "0.6.1"
  resolved "https://registry.yarnpkg.com/optimist/-/optimist-0.6.1.tgz#da3ea74686fa21a19a111c326e90eb15a0196686"
  integrity sha1-2j6nRob6IaGaERwybpDrFaAZZoY=
  dependencies:
    minimist "~0.0.1"
    wordwrap "~0.0.2"

path-is-absolute@^1.0.0:
  version "1.0.1"
  resolved "https://registry.yarnpkg.com/path-is-absolute/-/path-is-absolute-1.0.1.tgz#174b9268735534ffbc7ace6bf53a5a9e1b5c5f5f"
  integrity sha1-F0uSaHNVNP+8es5r9TpanhtcX18=

projectz@^2.10.1:
  version "2.10.1"
  resolved "https://registry.yarnpkg.com/projectz/-/projectz-2.10.1.tgz#eb07c043c1887bdc9d914904becb17ced356f827"
  integrity sha512-yFs3fCRz25m643VEv85UzLp0qvk1N0xCqEPMl0Zu1hnTL2fgNuWvFO6Nl5yq00pifxxxffdd5Ts6y8KtGWJ9ZA==
  dependencies:
    badges "^4.13.0"
    caterpillar "^5.10.0"
    caterpillar-filter "^6.10.0"
    caterpillar-human "^6.10.0"
    cson-parser "^4.0.4"
    errlop "^3.9.0"
    fellow "^6.14.0"
    get-cli-arg "^5.8.0"
    spdx-expression-parse "^3.0.1"
    spdx-license-list "^6.2.0"
    typechecker "7.9.0"

readdir-cluster@^3.5.0:
  version "3.8.0"
  resolved "https://registry.yarnpkg.com/readdir-cluster/-/readdir-cluster-3.8.0.tgz#35a17417dc421453a659cc48cb8114156c61201d"
  integrity sha512-yozJcvfnxS7UW38LvYG6zRFvh+JOaorjqFu/jpxjINtlJxuLcJe6J5ojLx7w6qwTDLbf+rAmsINbPQO802suYw==

requirefresh@4.8.0:
  version "4.8.0"
  resolved "https://registry.yarnpkg.com/requirefresh/-/requirefresh-4.8.0.tgz#566e259dd01e9a302bef60bf08c95f60db6ece31"
  integrity sha512-VxGuCG7fkHHqYV885mmVwkdTIyei0KBefRgsd/YGCJfo+bAcNg+oQK04NctoHr33JkJtjECR+uLE3xbsemRNag==

resolve@^0.6.3:
  version "0.6.3"
  resolved "https://registry.yarnpkg.com/resolve/-/resolve-0.6.3.tgz#dd957982e7e736debdf53b58a4dd91754575dd46"
  integrity sha1-3ZV5gufnNt699TtYpN2RdUV13UY=

rfc-log-levels@3.9.0:
  version "3.9.0"
  resolved "https://registry.yarnpkg.com/rfc-log-levels/-/rfc-log-levels-3.9.0.tgz#fff6cc6a2d04f9b123d66422aedbbf2a0afb2fca"
  integrity sha512-i3/EH7fqO1grTLBq6j1jGWrYgGEk+GMmVopyY/j4KYWBZxxq66TeOOE3Rr2T9oc+lwT9q93FnRK/y0Uec4BIWw==

safefs@6.8.0:
  version "6.8.0"
  resolved "https://registry.yarnpkg.com/safefs/-/safefs-6.8.0.tgz#e05063f799ef5d9debef3f1f682e2ec569f4d712"
  integrity sha512-bfoay4QKqKu3alh9zlx0UFtwVkE/8/hb3Et8ChgbBmxHhA1e9OysOx7XTqM1mQmUrMMvLlL5GYWWmD38kXRU9g==
  dependencies:
    graceful-fs "^4.2.4"

safeps@10.10.0:
  version "10.10.0"
  resolved "https://registry.yarnpkg.com/safeps/-/safeps-10.10.0.tgz#d55092f7b723ff19f7b78ba89d91fa3717c9b7d9"
  integrity sha512-yvTmqFZidQl+6O+mglezQBg0XGR7O8brHVMVA7pCx6Ad1f92hKgNlTFat7WRPySJLav0t9GkGDnkHiIcBoaAmA==
  dependencies:
    extract-opts "^4.3.0"
    safefs "6.8.0"
    taskgroup "7.11.0"
    typechecker "7.10.0"

semver@6, semver@6.3.0, semver@^6.3.0:
  version "6.3.0"
  resolved "https://registry.yarnpkg.com/semver/-/semver-6.3.0.tgz#ee0a64c8af5e8ceea67687b133761e1becbd1d3d"
  integrity sha512-b39TBaTSfV6yBrapU89p5fKekE2m/NwnDocOVruQFS1/veMgdzuPcnOM34M6CwxW8jH/lxEa5rBoDeUwu5HHTw==

simplytyped@^3.3.0:
  version "3.3.0"
  resolved "https://registry.yarnpkg.com/simplytyped/-/simplytyped-3.3.0.tgz#ed46eef05ebb348ca67ca79df759c49130fd7569"
  integrity sha512-mz4RaNdKTZiaKXgi6P1k/cdsxV3gz+y1Wh2NXHWD40dExktLh4Xx/h6MFakmQWODZHj/2rKe59acacpL74ZhQA==

spdx-exceptions@^2.1.0:
  version "2.3.0"
  resolved "https://registry.yarnpkg.com/spdx-exceptions/-/spdx-exceptions-2.3.0.tgz#3f28ce1a77a00372683eade4a433183527a2163d"
  integrity sha512-/tTrYOC7PPI1nUAgx34hUpqXuyJG+DTHJTnIULG4rDygi4xu/tfgmq1e1cIRwRzwZgo4NLySi+ricLkZkw4i5A==

spdx-expression-parse@^3.0.1:
  version "3.0.1"
  resolved "https://registry.yarnpkg.com/spdx-expression-parse/-/spdx-expression-parse-3.0.1.tgz#cf70f50482eefdc98e3ce0a6833e4a53ceeba679"
  integrity sha512-cbqHunsQWnJNE6KhVSMsMeH5H/L9EpymbzqTQ3uLwNCLZ1Q481oWaofqH7nO6V07xlXwY6PhQdQ2IedWx/ZK4Q==
  dependencies:
    spdx-exceptions "^2.1.0"
    spdx-license-ids "^3.0.0"

spdx-license-ids@^3.0.0:
  version "3.0.5"
  resolved "https://registry.yarnpkg.com/spdx-license-ids/-/spdx-license-ids-3.0.5.tgz#3694b5804567a458d3c8045842a6358632f62654"
  integrity sha512-J+FWzZoynJEXGphVIS+XEh3kFSjZX/1i9gFBaWQcB+/tmpe2qUsSBABpcxqxnAxFdiUFEgAX1bjYGQvIZmoz9Q==

spdx-license-list@^6.2.0:
  version "6.2.0"
  resolved "https://registry.yarnpkg.com/spdx-license-list/-/spdx-license-list-6.2.0.tgz#f81f6e73cb01535012d8014db375567110c652be"
  integrity sha512-sHM1eQz+yYrKRIO5j/tzu3yWhbouQc2RYmCn5nNC296nVztW0VSlpJvmgsWPKAMEIqjfghXy3vvIwCbEOJPSHg==

strip-json-comments@^1.0.2:
  version "1.0.4"
  resolved "https://registry.yarnpkg.com/strip-json-comments/-/strip-json-comments-1.0.4.tgz#1e15fbcac97d3ee99bf2d73b4c656b082bbafb91"
  integrity sha1-HhX7ysl9Pumb8tc7TGVrCCu6+5E=

taskgroup@7.11.0, taskgroup@^7.6.0:
  version "7.11.0"
  resolved "https://registry.yarnpkg.com/taskgroup/-/taskgroup-7.11.0.tgz#6976cb73a19b3cac81fe92cbb42cdf38cb620420"
  integrity sha512-/tMWVFIjHdVbuAMxlrAbG4B++r3B02pxgRKm+x9Z9W/ycBGXzkakh+vbaUw2dO6YJO6zxOEdSK0AjEwHdQqiVA==
  dependencies:
    ambi "3"
    eachr "^4.5.0"
    extendr "^5.7.0"
    unbounded "3.4.0"

taskgroup@7.7.0:
  version "7.7.0"
  resolved "https://registry.yarnpkg.com/taskgroup/-/taskgroup-7.7.0.tgz#fa423916813676023e5acfdd652756375cccd59e"
  integrity sha512-AzGP6+0Ur90btsHsgAjqUFZU0mswtswxgUph0dBW2BVwW0LjYJ4XI6VgS/UimaqpXR/XBR15kheVE9RKGTJAUw==
  dependencies:
    ambi "3.2.0"
    eachr "^4.5.0"
    extendr "^5.5.0"
    unbounded "^3.3.0"

typechecker@7.10.0:
  version "7.10.0"
  resolved "https://registry.yarnpkg.com/typechecker/-/typechecker-7.10.0.tgz#774e3dca5b4d328bcf843e382f794ad9a5b6fce4"
  integrity sha512-e7yzPyPe1FGiyt8YwvxsZcR5/BI/RjRkfSQ9S0ilCBYFPED7qQ09dN0mpq6MlM67Vo+zRbfXc6ghYNYwBpQoaw==

typechecker@7.5.0:
  version "7.5.0"
  resolved "https://registry.yarnpkg.com/typechecker/-/typechecker-7.5.0.tgz#7e70c7e8d5ea6fc7b2ba626ab91d87578c2e306e"
  integrity sha512-3rN7f/Tx7Ydg72sFl8Lrbl6sx4YGljmU/CVNr9Df6lRikYxd3H1HK03j+ZqE7ZS2WWOOn0YOACziAT8r+9O0fw==

typechecker@7.9.0:
  version "7.9.0"
  resolved "https://registry.yarnpkg.com/typechecker/-/typechecker-7.9.0.tgz#2b091765bc4f7bd0b59cd6e28e70618fbc4f89a3"
  integrity sha512-x6VYUQbPNOlrjX9eiBNLT49SC5TZRZma6KGOZufhGw7cnZXsfxFeWHD5lxuv24zdZxLVpXDWkvXsGQ9Iv87K7Q==

typechecker@^4.3.0:
  version "4.11.0"
  resolved "https://registry.yarnpkg.com/typechecker/-/typechecker-4.11.0.tgz#8219cd90d2f7b585a3f5af9c146c8a23891f1eac"
  integrity sha512-lz39Mc/d1UBcF/uQFL5P8L+oWdIn/stvkUgHf0tPRW4aEwGGErewNXo2Nb6We2WslWifn00rhcHbbRWRcTGhuw==
  dependencies:
    editions "^2.2.0"

typechecker@^6.2.0:
  version "6.4.0"
  resolved "https://registry.yarnpkg.com/typechecker/-/typechecker-6.4.0.tgz#c087dc744c5a0f17524d58a17eb31a9660ab7324"
  integrity sha512-EbOu+9szY13mhl0EsvLXnR+pTCa3gTHQQPLdce72ujcC9fRHXlVFBNXtHeRhgzLxLlKUh4zA9C0tezLDgshf+A==

unbounded@3.4.0:
  version "3.4.0"
  resolved "https://registry.yarnpkg.com/unbounded/-/unbounded-3.4.0.tgz#0e44520a5c3e5759fbf15ef32ead744046cd20a4"
  integrity sha512-d9LOcaNowWY9zEynpOzRCd7lpABqVD7svxkUBzZ6Va5QixAL0l3VjIXHwXli00ovHj19ABBcI9VeZYOke/hTsQ==

unbounded@^3.3.0:
  version "3.7.0"
  resolved "https://registry.yarnpkg.com/unbounded/-/unbounded-3.7.0.tgz#c1f8c97b5d173e7e7a1ff0349da00269c6fd9662"
  integrity sha512-gqIxGgyzb1krnJHGk2BkGUlDTDJRvogqi05hsWKyie0m67Hihqe3yYmeEnnPnQKI8tC4b3NR9/JjF3fWR4G/Kw==

valid-directory@^2.5.0:
  version "2.5.0"
  resolved "https://registry.yarnpkg.com/valid-directory/-/valid-directory-2.5.0.tgz#239cf39e5c05403d8b6fbd23aa45dc20c242035c"
  integrity sha512-j/cLzLu/7FHC1UQwExHfvqgh72j+a9goxxAOz07O1awWoMXiJymqVHJ4K7GVeeNhfZKwOaa548OnYgOVOeLMWw==
  dependencies:
    readdir-cluster "^3.5.0"
    valid-filename "^3.1.0"

valid-filename@^3.1.0:
  version "3.1.0"
  resolved "https://registry.yarnpkg.com/valid-filename/-/valid-filename-3.1.0.tgz#da8766b7714566c155cc36d985824a5e45db01f3"
  integrity sha512-O99sdfhdGCiWoN4cv6Unq4eJ2EuXwRsOLCeSw+IJyMYgwVK0BPmaUnzhWQw5E8qknLTVrVExCr6xxTBnRBvtsQ==
  dependencies:
    filename-reserved-regex "^2.0.0"

wordwrap@~0.0.2:
  version "0.0.3"
  resolved "https://registry.yarnpkg.com/wordwrap/-/wordwrap-0.0.3.tgz#a3d5da6cd5c0bc0008d37234bbaf1bed63059107"
  integrity sha1-o9XabNXAvAAI03I0u68b7WMFkQc=

wrappy@1:
  version "1.0.2"
  resolved "https://registry.yarnpkg.com/wrappy/-/wrappy-1.0.2.tgz#b5243d8f3ec1aa35f1364605bc0d1036e30ab69f"
  integrity sha1-tSQ9jz7BqjXxNkYFvA0QNuMKtp8=
