# THIS IS AN AUTOGENERATED FILE. DO NOT EDIT THIS FILE DIRECTLY.
# yarn lockfile v1


"@bevry/update-contributors@^1.9.0":
  version "1.9.0"
  resolved "https://registry.yarnpkg.com/@bevry/update-contributors/-/update-contributors-1.9.0.tgz#25121c0ffe5d4700a7d09f064f30e1ae5fed5d8a"
  integrity sha512-kJhg/PHAv2PidmWFqU4e4PW9pWlQO/eE+4YQ4R6SZUPRjmhDAsm6d6lDMlBKRicX0UlGjcDuCwpc0abA+ogrFw==
  dependencies:
    getcontributors "^2.12.0"

"@types/ansicolors@^0.0.33":
  version "0.0.33"
  resolved "https://registry.yarnpkg.com/@types/ansicolors/-/ansicolors-0.0.33.tgz#9156c5dee959e4fa1a04c7e2a6a03a32f190ba45"
  integrity sha512-dVS1WW/BqYdwbv1H0Cgpq8ChV4VowUXz+R7pYKGEHhF+mdg/MibuE+6Et/GBxg6nfKKFVf2ZsQkyr7XNR2SqxA==

"@types/diff@^4.0.2":
  version "4.0.2"
  resolved "https://registry.yarnpkg.com/@types/diff/-/diff-4.0.2.tgz#2e9bb89f9acc3ab0108f0f3dc4dbdcf2fff8a99c"
  integrity sha512-mIenTfsIe586/yzsyfql69KRnA75S8SVXQbTLpDejRrjH0QSJcpu3AUOi/Vjnt9IOsXKxPhJfGpQUNMueIU1fQ==

"@types/node@^14.0.13":
  version "14.0.13"
  resolved "https://registry.yarnpkg.com/@types/node/-/node-14.0.13.tgz#ee1128e881b874c371374c1f72201893616417c9"
  integrity sha512-rouEWBImiRaSJsVA+ITTFM6ZxibuAlTuNOCyxVbwreu6k6+ujs7DfnU9o+PShFhET78pMBl3eH+AGSI5eOTkPA==

ambi@3, ambi@3.2.0:
  version "3.2.0"
  resolved "https://registry.yarnpkg.com/ambi/-/ambi-3.2.0.tgz#13b45fcf6845465f652137f80176322e911b70d6"
  integrity sha512-nj5sHLPFd7u2OLmHdFs4DHt3gK6edpNw35hTRIKyI/Vd2Th5e4io50rw1lhmCdUNO2Mm4/4FkHmv6shEANAWcw==
  dependencies:
    editions "^2.1.0"
    typechecker "^4.3.0"

ansicolors@^0.3.2, ansicolors@~0.3.2:
  version "0.3.2"
  resolved "https://registry.yarnpkg.com/ansicolors/-/ansicolors-0.3.2.tgz#665597de86a9ffe3aa9bfbe6cae5c6ea426b4979"
  integrity sha1-ZlWX3oap/+Oqm/vmyuXG6kJrSXk=

ansistyles@~0.1.3:
  version "0.1.3"
  resolved "https://registry.yarnpkg.com/ansistyles/-/ansistyles-0.1.3.tgz#5de60415bda071bb37127854c864f41b23254539"
  integrity sha1-XeYEFb2gcbs3EnhUyGT0GyMlRTk=

assert-helpers@^6.8.0:
  version "6.8.0"
  resolved "https://registry.yarnpkg.com/assert-helpers/-/assert-helpers-6.8.0.tgz#1457a72def55251dd2941e7b5011fdc9bbe43772"
  integrity sha512-Ayb+HIpy17PMSrnLl3DeKP8sSzv86r9+QuFjLXjPvHj2VDVW6QVdH/X0WkCtmqcab6S72dCHRJinUHDUfPRMsA==
  dependencies:
    "@types/ansicolors" "^0.0.33"
    "@types/diff" "^4.0.2"
    "@types/node" "^14.0.13"
    ansicolors "^0.3.2"
    diff "^4.0.2"
    errlop "^3.5.0"

badges@^4.9.0:
  version "4.13.0"
  resolved "https://registry.yarnpkg.com/badges/-/badges-4.13.0.tgz#0e911e3d07ca005c2161037e122d995a15781910"
  integrity sha512-9+jDYx5H+sX40jclg2W9wD1wm+b6WQW+RHeAE4gcg4aArxWhzjneFICdBbTlUcV2ktsGFjJ+BWhrmWzcgnsqIw==

balanced-match@^1.0.0:
  version "1.0.0"
  resolved "https://registry.yarnpkg.com/balanced-match/-/balanced-match-1.0.0.tgz#89b4d199ab2bee49de164ea02b89ce462d71b767"
  integrity sha1-ibTRmasr7kneFk6gK4nORi1xt2c=

brace-expansion@^1.1.7:
  version "1.1.11"
  resolved "https://registry.yarnpkg.com/brace-expansion/-/brace-expansion-1.1.11.tgz#3c7fcbf529d87226f3d2f52b966ff5271eb441dd"
  integrity sha512-iCuPHDFgrHX7H2vEI/5xpz07zSHB00TpugqhmYtVmMO6518mCuRMoOYFldEBl0g187ufozdaHgWKcYFb61qGiA==
  dependencies:
    balanced-match "^1.0.0"
    concat-map "0.0.1"

caterpillar-filter@^6.6.0:
  version "6.10.0"
  resolved "https://registry.yarnpkg.com/caterpillar-filter/-/caterpillar-filter-6.10.0.tgz#772ce2c11f9f9f9f457788e4da1ca65f9c9ccb43"
  integrity sha512-8yPshDFBK/LBk0ewf75TX1KbdQVpVy4gTMJLpAAvkY69A01zuqklbIrIckJFai/1naFRuGgtqelLTvYFOHwHSA==

caterpillar-human@^6.6.0:
  version "6.9.0"
  resolved "https://registry.yarnpkg.com/caterpillar-human/-/caterpillar-human-6.9.0.tgz#840b0b6657d2ad60debcf9f42c604e0a3f06da6d"
  integrity sha512-mpwZSBml/GwQY3+ncfPheZfGhijPZpLEKXRO8SfKw1xSntpKCoCWNvAF3FyeSaDpueCm6gkD8+jDMw5pKFu2/A==
  dependencies:
    ansicolors "~0.3.2"
    ansistyles "~0.1.3"
    editions "3.5.0"

caterpillar@^5.6.0:
  version "5.10.0"
  resolved "https://registry.yarnpkg.com/caterpillar/-/caterpillar-5.10.0.tgz#56ffa77128d422014d158292ff5d73d20024b96c"
  integrity sha512-77zmaAh9gp2giYYaHP8upvlZPBxKbIjOlh4yO7s22F/VtKzpS7prP34oZPFJGsok/SV8pqw5HZZydZU5UPqbow==
  dependencies:
    extendr "5.5.0"
    get-current-line "5.5.0"
    rfc-log-levels "3.5.0"

coffeelint@^2.1.0:
  version "2.1.0"
  resolved "https://registry.yarnpkg.com/coffeelint/-/coffeelint-2.1.0.tgz#af65df3634e999d9ac01480736c36d3cd2f5dad8"
  integrity sha1-r2XfNjTpmdmsAUgHNsNtPNL12tg=
  dependencies:
    coffeescript "^2.1.0"
    glob "^7.0.6"
    ignore "^3.0.9"
    optimist "^0.6.1"
    resolve "^0.6.3"
    strip-json-comments "^1.0.2"

coffeescript@^1.10.0:
  version "1.12.7"
  resolved "https://registry.yarnpkg.com/coffeescript/-/coffeescript-1.12.7.tgz#e57ee4c4867cf7f606bfc4a0f2d550c0981ddd27"
  integrity sha512-pLXHFxQMPklVoEekowk8b3erNynC+DVJzChxS/LCBBgR6/8AJkHivkm//zbowcfc7BTCAjryuhx6gPqPRfsFoA==

coffeescript@^2.1.0, coffeescript@^2.5.1:
  version "2.5.1"
  resolved "https://registry.yarnpkg.com/coffeescript/-/coffeescript-2.5.1.tgz#b2442a1f2c806139669534a54adc35010559d16a"
  integrity sha512-J2jRPX0eeFh5VKyVnoLrfVFgLZtnnmp96WQSLAS8OrLm2wtQLcnikYKe1gViJKDH7vucjuhHvBKKBP3rKcD1tQ==

concat-map@0.0.1:
  version "0.0.1"
  resolved "https://registry.yarnpkg.com/concat-map/-/concat-map-0.0.1.tgz#d8a96bd77fd68df7793a73036a3ba0d5405d477b"
  integrity sha1-2Klr13/Wjfd5OnMDajug1UBdR3s=

cross-fetch@^3.0.4:
  version "3.0.5"
  resolved "https://registry.yarnpkg.com/cross-fetch/-/cross-fetch-3.0.5.tgz#2739d2981892e7ab488a7ad03b92df2816e03f4c"
  integrity sha512-FFLcLtraisj5eteosnX1gf01qYDCOc4fDy0+euOt8Kn9YBY2NtXL/pCoYPavw24NIQkQqm5ZOLsGD5Zzj0gyew==
  dependencies:
    node-fetch "2.6.0"

cson-parser@^4.0.4:
  version "4.0.4"
  resolved "https://registry.yarnpkg.com/cson-parser/-/cson-parser-4.0.4.tgz#272e45810523b2f50b3d14b526a9b0f36fb0d267"
  integrity sha512-veObnzR9fDs/+kvio0I+jeZXjsJ9jF0jtisl7g+z9J0YzlJ0UjCaGtbUd6JgKcfBlF7RSaSb7GMJYvGqp64pcg==
  dependencies:
    coffeescript "^1.10.0"

diff@^4.0.2:
  version "4.0.2"
  resolved "https://registry.yarnpkg.com/diff/-/diff-4.0.2.tgz#60f3aecb89d5fae520c11aa19efc2bb982aade7d"
  integrity sha512-58lmxKSA4BNyLz+HHMUzlOEpg09FV+ev6ZMe3vJihgdxzgcwZ8VoEEPmALCZG9LmqfVoNMMKpttIYTVG6uDY7A==

eachr@^4.5.0:
  version "4.5.0"
  resolved "https://registry.yarnpkg.com/eachr/-/eachr-4.5.0.tgz#495eb3aab6a41811da1e04e510424df32075cf04"
  integrity sha512-9I664RWp6p8jvcHZIwo7bWaiSaUmA1wNSLKwNZEiaYjqiTARq3cGjyRiIunsopZv4QMmX3T5Hs17QoPAzdYxfg==
  dependencies:
    typechecker "^6.2.0"

editions@3.5.0:
  version "3.5.0"
  resolved "https://registry.yarnpkg.com/editions/-/editions-3.5.0.tgz#11c37f789a5c28fcfcf513a1cc49e7e2c0d31d81"
  integrity sha512-iSTtszoco9ln3m3NdCUXOVBrOTArjWww76RK2o1PK/kCZTKCHH8GtvXYYi2h0/71bbFZncUVGFW54WClijGdVg==
  dependencies:
    errlop "^3.5.0"
    semver "6.3.0"

editions@^2.1.0, editions@^2.2.0:
  version "2.3.1"
  resolved "https://registry.yarnpkg.com/editions/-/editions-2.3.1.tgz#3bc9962f1978e801312fbd0aebfed63b49bfe698"
  integrity sha512-ptGvkwTvGdGfC0hfhKg0MT+TRLRKGtUiWGBInxOm5pz7ssADezahjCUaYuZ8Dr+C05FW0AECIIPt4WBxVINEhA==
  dependencies:
    errlop "^2.0.0"
    semver "^6.3.0"

editions@^3.4.0:
  version "3.8.0"
  resolved "https://registry.yarnpkg.com/editions/-/editions-3.8.0.tgz#3cb9ed892b6e7429a185a5b75b9a163db9123c04"
  integrity sha512-S+Rh0VfbZBzl4JrUm1oc5bxIcrHSJu3a2E+LXfoQFGFbDcjc0yOs7Eyh6PbO2NxwGXeZeshwRVTdrHSDmmfIPw==
  dependencies:
    errlop "3.5.0"
    semver "6"

errlop@3.5.0:
  version "3.5.0"
  resolved "https://registry.yarnpkg.com/errlop/-/errlop-3.5.0.tgz#4d434606fd219f294d5ea489e71d0434191aebf4"
  integrity sha512-EU8r0FtFCGd1GPQTY7cxbmvNA5YEAIZJBewJTfB1dcRBsaEpXJJrF33kj8Y3fkAaidA8WnMrgtuSXXcULGA5zA==

errlop@^2.0.0:
  version "2.2.0"
  resolved "https://registry.yarnpkg.com/errlop/-/errlop-2.2.0.tgz#1ff383f8f917ae328bebb802d6ca69666a42d21b"
  integrity sha512-e64Qj9+4aZzjzzFpZC7p5kmm/ccCrbLhAJplhsDXQFs87XTsXwOpH4s1Io2s90Tau/8r2j9f4l/thhDevRjzxw==

errlop@^3.5.0:
  version "3.8.0"
  resolved "https://registry.yarnpkg.com/errlop/-/errlop-3.8.0.tgz#b7c2b06de27faa6fbd768a78dc587c073de85132"
  integrity sha512-d2VMkmCUnbQvryknB6tf9tA6XaMQVHHqa7E14O27a6LFYFEBVF6raTcLhJeHY6HQqf31A6dSgyFGtSfiUbr/Fw==

event-emitter-grouped@4.5.0:
  version "4.5.0"
  resolved "https://registry.yarnpkg.com/event-emitter-grouped/-/event-emitter-grouped-4.5.0.tgz#d969eb9eceddb786cf1220c830a84d683557d91f"
  integrity sha512-6dUuJXk/wGZN2sJM1gFuv4jF/hHS0LNWo+OI0wV9oXZVofWPVqvqqZwo+IdKsF/U1NnvlE8axbK0jyzeuP48TQ==
  dependencies:
    taskgroup "^7.6.0"
    unbounded "^3.3.0"

extendr@5.5.0:
  version "5.5.0"
  resolved "https://registry.yarnpkg.com/extendr/-/extendr-5.5.0.tgz#973e4d7c2a1f0fd76ec1156e282cf7c6d967f6dc"
  integrity sha512-X+8DHBXYIwMi87BM+SXE0+7znw6OTgVN75lc/aIZzg7O1gbubARJ/u9okpHiL89A7xDb+SGxGW6Kk09Jq65FOw==
  dependencies:
    typechecker "^7.4.0"

extendr@^5.5.0, extendr@^5.7.0:
  version "5.8.0"
  resolved "https://registry.yarnpkg.com/extendr/-/extendr-5.8.0.tgz#d05bea5a78c777ea3020154dc66c88c749a7e02a"
  integrity sha512-ZbTYxxQPb3chPHDhz043hq7CO6gTIqaep0+ZBEES6C9zt5idJpsByYEfMzavi184XTXjSmMsW/nJ12hRj97Ffg==
  dependencies:
    editions "3.5.0"
    typechecker "7.5.0"

extract-opts@^4.3.0:
  version "4.3.0"
  resolved "https://registry.yarnpkg.com/extract-opts/-/extract-opts-4.3.0.tgz#ee0a797249abb77e449bdaaba66ebeff4775505e"
  integrity sha512-Dmssi1tgKJkQsVmbP7TgW/kbdc42SAsNf6h9ClweP+dS7O24YYMTXsNwPelxhx0LF15npiWwY5ahKtyQiNgxWA==
  dependencies:
    eachr "^4.5.0"
    typechecker "^6.2.0"

fellow@6.10.0:
  version "6.10.0"
  resolved "https://registry.yarnpkg.com/fellow/-/fellow-6.10.0.tgz#c6bd7e6c7c34869ff3e726c06a8d148c44c326f8"
  integrity sha512-YC4nniyJZxuLvHt61i1ntxoAR8RZeBXrXfzAiMpnOTk7bpn7D6K9pvc3UZ8vjt/Ci7QN1BM7rXfomm2HRW4kjA==

fellow@^6.11.0:
  version "6.13.0"
  resolved "https://registry.yarnpkg.com/fellow/-/fellow-6.13.0.tgz#68bcc076133a5e6b14667ddd587c5952eba6402f"
  integrity sha512-ArC1Z4Ianc9mlpEv9tZ45UjlDt37W3DYSug9ZxYXfeejXZZJOs8AB5xyuYdX2aETUo0LuZmIYJxFX8HUmIRNWA==
  dependencies:
    editions "3.5.0"

filename-reserved-regex@^2.0.0:
  version "2.0.0"
  resolved "https://registry.yarnpkg.com/filename-reserved-regex/-/filename-reserved-regex-2.0.0.tgz#abf73dfab735d045440abfea2d91f389ebbfa229"
  integrity sha1-q/c9+rc10EVECr/qLZHzieu/oik=

fs.realpath@^1.0.0:
  version "1.0.0"
  resolved "https://registry.yarnpkg.com/fs.realpath/-/fs.realpath-1.0.0.tgz#1504ad2523158caa40db4a2787cb01411994ea4f"
  integrity sha1-FQStJSMVjKpA20onh8sBQRmU6k8=

get-cli-arg@^5.5.0:
  version "5.7.0"
  resolved "https://registry.yarnpkg.com/get-cli-arg/-/get-cli-arg-5.7.0.tgz#19358bbb17a84030c74f29c355d0981054bcd986"
  integrity sha512-Lpf1xEIIIme5EshA2ltbDgU/lpfcY6n8ntg/U7++eS6vjwtEFRf6DSGbOq5cqsAdJvO4tqER23+vi7SYlmMV4A==
  dependencies:
    editions "3.5.0"
    normalify "2.11.0"

get-current-line@5.5.0:
  version "5.5.0"
  resolved "https://registry.yarnpkg.com/get-current-line/-/get-current-line-5.5.0.tgz#4db3a73152262488387c1bce69c46c5380de8cac"
  integrity sha512-STCaXFXNC8bqwLCAnvV98v2jXQW4pzZxeB44BVAparggfI+kkZ8rwKJaU+TBg7PpK6ZEo3srcv2mZ8/8p6/psA==

getcontributors@^2.12.0:
  version "2.15.0"
  resolved "https://registry.yarnpkg.com/getcontributors/-/getcontributors-2.15.0.tgz#e5855c9f5676c259b605e341f493dec1f4948325"
  integrity sha512-8fZDJqwAJe5pKpzm4rDAnOo/2Vy5ruKr9idnEfUw1+OfA0+KLWo7DSYhEOei4LlBOx8U1czswxrq8lyXTbQvPg==
  dependencies:
    cross-fetch "^3.0.4"
    editions "3.5.0"
    fellow "6.10.0"
    getrepos "5.6.0"
    githubauthreq "5.7.0"
    simplytyped "^3.3.0"

getrepos@5.6.0:
  version "5.6.0"
  resolved "https://registry.yarnpkg.com/getrepos/-/getrepos-5.6.0.tgz#05ad749e1b30b43207a4bc6c473a2644be881285"
  integrity sha512-X44Sz8ZSkEUBRPJcjRlK3oU8jluaaFpRAOfIcqmQBKOBh+0/9HImI5uU5DMmwCuNPzPxW6M3rWW+UEPQsP8gsw==
  dependencies:
    cross-fetch "^3.0.4"
    githubauthreq "^5.6.0"
    native-promise-pool "^3.5.0"
    simplytyped "^3.3.0"

githubauthreq@5.7.0:
  version "5.7.0"
  resolved "https://registry.yarnpkg.com/githubauthreq/-/githubauthreq-5.7.0.tgz#92cfd62044a043f364ad65043da6a1c8f512dd59"
  integrity sha512-Jqn3AKY8yUiIrxyA/GQV7/tS5K//t8d3jxs65ElWbTEskzed/us5TgM3lowhHh36WW1dUDj/W75J5kN9Uny3Nw==
  dependencies:
    editions "^3.4.0"
    simplytyped "^3.3.0"

githubauthreq@^5.6.0:
  version "5.10.0"
  resolved "https://registry.yarnpkg.com/githubauthreq/-/githubauthreq-5.10.0.tgz#5d74abb269dc27e5bb50e823b032365b33febc9a"
  integrity sha512-paduy1En/Pyouk7UOnvVV5ZUsoyf4Xf/bCVhznYz7VtpGsQF0MDoErwlAv2oqlsenfkIPXNPy1WS3u+ogJ2fVQ==
  dependencies:
    editions "3.5.0"
    simplytyped "^3.3.0"

glob@^7.0.6:
  version "7.1.6"
  resolved "https://registry.yarnpkg.com/glob/-/glob-7.1.6.tgz#141f33b81a7c2492e125594307480c46679278a6"
  integrity sha512-LwaxwyZ72Lk7vZINtNNrywX0ZuLyStrdDtabefZKAY5ZGJhVtgdznluResxNmPitE0SAO+O26sWTHeKSI2wMBA==
  dependencies:
    fs.realpath "^1.0.0"
    inflight "^1.0.4"
    inherits "2"
    minimatch "^3.0.4"
    once "^1.3.0"
    path-is-absolute "^1.0.0"

graceful-fs@^4.2.4:
  version "4.2.4"
  resolved "https://registry.yarnpkg.com/graceful-fs/-/graceful-fs-4.2.4.tgz#2256bde14d3632958c465ebc96dc467ca07a29fb"
  integrity sha512-WjKPNJF79dtJAVniUlGGWHYGz2jWxT6VhN/4m1NdkbZ2nOsEF+cI1Edgql5zCRhs/VsQYRvrXctxktVXZUkixw==

ignore@^3.0.9:
  version "3.3.10"
  resolved "https://registry.yarnpkg.com/ignore/-/ignore-3.3.10.tgz#0a97fb876986e8081c631160f8f9f389157f0043"
  integrity sha512-Pgs951kaMm5GXP7MOvxERINe3gsaVjUWFm+UZPSq9xYriQAksyhg0csnS0KXSNRD5NmNdapXEpjxG49+AKh/ug==

inflight@^1.0.4:
  version "1.0.6"
  resolved "https://registry.yarnpkg.com/inflight/-/inflight-1.0.6.tgz#49bd6331d7d02d0c09bc910a1075ba8165b56df9"
  integrity sha1-Sb1jMdfQLQwJvJEKEHW6gWW1bfk=
  dependencies:
    once "^1.3.0"
    wrappy "1"

inherits@2:
  version "2.0.4"
  resolved "https://registry.yarnpkg.com/inherits/-/inherits-2.0.4.tgz#0fa2c64f932917c3433a0ded55363aae37416b7c"
  integrity sha512-k/vGaX4/Yla3WzyMCvTQOXYeIHvqOKtnqBduzTHpzpQZzAskKMhZ2K+EnBiSM9zGSoIFeMpXKxa4dYeZIQqewQ==

kava@^5.7.0:
  version "5.7.0"
  resolved "https://registry.yarnpkg.com/kava/-/kava-5.7.0.tgz#91591ce7a0beebbaae82a5c04812725aa32583bc"
  integrity sha512-gso9hwp+BbOeW6JuM5pw2IvxoEqnJxhKe13cMTP0RdgMDUNHpjq3jXPUM8IIdY8d56IUI8Kky7MZVAN8O9RJyA==
  dependencies:
    editions "3.5.0"
    event-emitter-grouped "4.5.0"
    taskgroup "7.7.0"

minimatch@^3.0.4:
  version "3.0.4"
  resolved "https://registry.yarnpkg.com/minimatch/-/minimatch-3.0.4.tgz#5166e286457f03306064be5497e8dbb0c3d32083"
  integrity sha512-yJHVQEhyqPLUTgt9B83PXu6W3rx4MvvHvSUvToogpwoGDOUQ+yDrR0HRot+yOCdCO7u4hX3pWft6kWBBcqh0UA==
  dependencies:
    brace-expansion "^1.1.7"

minimist@~0.0.1:
  version "0.0.10"
  resolved "https://registry.yarnpkg.com/minimist/-/minimist-0.0.10.tgz#de3f98543dbf96082be48ad1a0c7cda836301dcf"
  integrity sha1-3j+YVD2/lggr5IrRoMfNqDYwHc8=

native-promise-pool@^3.5.0:
  version "3.9.0"
  resolved "https://registry.yarnpkg.com/native-promise-pool/-/native-promise-pool-3.9.0.tgz#554fb4c89dabc5fedbc89028462eae40fee1e401"
  integrity sha512-rZgUbl4GiczdTcczVaw8d/kwzhELAjB7Qqy9gXC3l1OvgJKEDvj4vP/kJPAt3x10m5TdSdTPvdPz8YF35C0W+g==
  dependencies:
    editions "3.5.0"

node-fetch@2.6.0:
  version "2.6.0"
  resolved "https://registry.yarnpkg.com/node-fetch/-/node-fetch-2.6.0.tgz#e633456386d4aa55863f676a7ab0daa8fdecb0fd"
  integrity sha512-8dG4H5ujfvFiqDmVu9fQ5bOHUC15JMjMY/Zumv26oOvvVJjM67KF8koCWIabKQ1GJIa9r2mMZscBq/TbdOcmNA==

normalify@2.11.0:
  version "2.11.0"
  resolved "https://registry.yarnpkg.com/normalify/-/normalify-2.11.0.tgz#4e2de5e06e76e4346f8609c7e90781b260ad7481"
  integrity sha512-t17x+NgzhvhnaS0KuYm8yZWkVfThJHAyM5AXUSoKvbbDQXH1TFQr/EPxK0lWi+KcrrGXbsmbEjRjywvk8nUgBQ==

once@^1.3.0:
  version "1.4.0"
  resolved "https://registry.yarnpkg.com/once/-/once-1.4.0.tgz#583b1aa775961d4b113ac17d9c50baef9dd76bd1"
  integrity sha1-WDsap3WWHUsROsF9nFC6753Xa9E=
  dependencies:
    wrappy "1"

optimist@^0.6.1:
  version "0.6.1"
  resolved "https://registry.yarnpkg.com/optimist/-/optimist-0.6.1.tgz#da3ea74686fa21a19a111c326e90eb15a0196686"
  integrity sha1-2j6nRob6IaGaERwybpDrFaAZZoY=
  dependencies:
    minimist "~0.0.1"
    wordwrap "~0.0.2"

path-is-absolute@^1.0.0:
  version "1.0.1"
  resolved "https://registry.yarnpkg.com/path-is-absolute/-/path-is-absolute-1.0.1.tgz#174b9268735534ffbc7ace6bf53a5a9e1b5c5f5f"
  integrity sha1-F0uSaHNVNP+8es5r9TpanhtcX18=

projectz@^2.9.0:
  version "2.9.0"
  resolved "https://registry.yarnpkg.com/projectz/-/projectz-2.9.0.tgz#f44aaa82bc0946dc4bf2a2510c38b5f8c1729d27"
  integrity sha512-xL7/PRM2hj3cdiiiawg+0OP/oQf909E9tKhyJnf30StmT1EExEDrRhrKWzZpP8UAjlJ1NPMQmcya6R/31u/HgA==
  dependencies:
    badges "^4.9.0"
    caterpillar "^5.6.0"
    caterpillar-filter "^6.6.0"
    caterpillar-human "^6.6.0"
    cson-parser "^4.0.4"
    fellow "^6.11.0"
    get-cli-arg "^5.5.0"
    spdx-expression-parse "^3.0.1"
    spdx-license-list "^6.2.0"
    typechecker "7.5.0"

readdir-cluster@^3.5.0:
  version "3.7.0"
  resolved "https://registry.yarnpkg.com/readdir-cluster/-/readdir-cluster-3.7.0.tgz#7655fc8c3487f4a6b375295c56a1284c723e8578"
  integrity sha512-uODz8yqFGVbTh7NNmbhcQOKdsFAsdF5BKJD1tqQcbvca91eFzXCC5SgoRqi2LM5Hp/C8WuW6wNYMvr71/Syzqg==
  dependencies:
    editions "3.5.0"

requirefresh@4.4.0:
  version "4.4.0"
  resolved "https://registry.yarnpkg.com/requirefresh/-/requirefresh-4.4.0.tgz#2e1e56bd22b84f038a4022b09e143742bd223405"
  integrity sha512-ev1HsKpAkWOPmYRhWkSlAgGju83upksqElQGz192ehiR84+0kwgj5GDttC288YykkAik8etrQ9yTlLHofdacSw==

resolve@^0.6.3:
  version "0.6.3"
  resolved "https://registry.yarnpkg.com/resolve/-/resolve-0.6.3.tgz#dd957982e7e736debdf53b58a4dd91754575dd46"
  integrity sha1-3ZV5gufnNt699TtYpN2RdUV13UY=

rfc-log-levels@3.5.0:
  version "3.5.0"
  resolved "https://registry.yarnpkg.com/rfc-log-levels/-/rfc-log-levels-3.5.0.tgz#3d7f46a02bfe813fb9b4e5321ccce794a93743b5"
  integrity sha512-OpikvAEizZMkOhwnJY8XDgRZar3DRj/2zo8bPeG0tF7umyBq55GNRSmKEBnquQvh4ZLHAN/PwGTKGQ4QkDgDNg==

safefs@6.4.0:
  version "6.4.0"
  resolved "https://registry.yarnpkg.com/safefs/-/safefs-6.4.0.tgz#ff9e265cb487b7655e6a834b0df97043466250ab"
  integrity sha512-1uVfHyiAcb6xe9p9nCkrKoWF1qJcMNhDjKIufYKwB3QY22aJwYeGwZDBIzKmVhM1LFs3dLkBusIeOJz1Oudzmw==
  dependencies:
    graceful-fs "^4.2.4"

safeps@10.9.0:
  version "10.9.0"
  resolved "https://registry.yarnpkg.com/safeps/-/safeps-10.9.0.tgz#05502ed63fafe062163c81a82d6115ce6738f9db"
  integrity sha512-MCICA2lT6fbUUUtHzy+De3LEihM6dXUhge0r2GagN86B6ET97GeLp8pRxJCdk2tDSt8s7dH2fwRpO1HHI19g1A==
  dependencies:
    extract-opts "^4.3.0"
    safefs "6.4.0"
    taskgroup "7.7.0"
    typechecker "7.5.0"

semver@6, semver@6.3.0, semver@^6.3.0:
  version "6.3.0"
  resolved "https://registry.yarnpkg.com/semver/-/semver-6.3.0.tgz#ee0a64c8af5e8ceea67687b133761e1becbd1d3d"
  integrity sha512-b39TBaTSfV6yBrapU89p5fKekE2m/NwnDocOVruQFS1/veMgdzuPcnOM34M6CwxW8jH/lxEa5rBoDeUwu5HHTw==

simplytyped@^3.3.0:
  version "3.3.0"
  resolved "https://registry.yarnpkg.com/simplytyped/-/simplytyped-3.3.0.tgz#ed46eef05ebb348ca67ca79df759c49130fd7569"
  integrity sha512-mz4RaNdKTZiaKXgi6P1k/cdsxV3gz+y1Wh2NXHWD40dExktLh4Xx/h6MFakmQWODZHj/2rKe59acacpL74ZhQA==

spdx-exceptions@^2.1.0:
  version "2.3.0"
  resolved "https://registry.yarnpkg.com/spdx-exceptions/-/spdx-exceptions-2.3.0.tgz#3f28ce1a77a00372683eade4a433183527a2163d"
  integrity sha512-/tTrYOC7PPI1nUAgx34hUpqXuyJG+DTHJTnIULG4rDygi4xu/tfgmq1e1cIRwRzwZgo4NLySi+ricLkZkw4i5A==

spdx-expression-parse@^3.0.1:
  version "3.0.1"
  resolved "https://registry.yarnpkg.com/spdx-expression-parse/-/spdx-expression-parse-3.0.1.tgz#cf70f50482eefdc98e3ce0a6833e4a53ceeba679"
  integrity sha512-cbqHunsQWnJNE6KhVSMsMeH5H/L9EpymbzqTQ3uLwNCLZ1Q481oWaofqH7nO6V07xlXwY6PhQdQ2IedWx/ZK4Q==
  dependencies:
    spdx-exceptions "^2.1.0"
    spdx-license-ids "^3.0.0"

spdx-license-ids@^3.0.0:
  version "3.0.5"
  resolved "https://registry.yarnpkg.com/spdx-license-ids/-/spdx-license-ids-3.0.5.tgz#3694b5804567a458d3c8045842a6358632f62654"
  integrity sha512-J+FWzZoynJEXGphVIS+XEh3kFSjZX/1i9gFBaWQcB+/tmpe2qUsSBABpcxqxnAxFdiUFEgAX1bjYGQvIZmoz9Q==

spdx-license-list@^6.2.0:
  version "6.2.0"
  resolved "https://registry.yarnpkg.com/spdx-license-list/-/spdx-license-list-6.2.0.tgz#f81f6e73cb01535012d8014db375567110c652be"
  integrity sha512-sHM1eQz+yYrKRIO5j/tzu3yWhbouQc2RYmCn5nNC296nVztW0VSlpJvmgsWPKAMEIqjfghXy3vvIwCbEOJPSHg==

strip-json-comments@^1.0.2:
  version "1.0.4"
  resolved "https://registry.yarnpkg.com/strip-json-comments/-/strip-json-comments-1.0.4.tgz#1e15fbcac97d3ee99bf2d73b4c656b082bbafb91"
  integrity sha1-HhX7ysl9Pumb8tc7TGVrCCu6+5E=

taskgroup@7.7.0:
  version "7.7.0"
  resolved "https://registry.yarnpkg.com/taskgroup/-/taskgroup-7.7.0.tgz#fa423916813676023e5acfdd652756375cccd59e"
  integrity sha512-AzGP6+0Ur90btsHsgAjqUFZU0mswtswxgUph0dBW2BVwW0LjYJ4XI6VgS/UimaqpXR/XBR15kheVE9RKGTJAUw==
  dependencies:
    ambi "3.2.0"
    eachr "^4.5.0"
    extendr "^5.5.0"
    unbounded "^3.3.0"

taskgroup@^7.6.0:
  version "7.10.0"
  resolved "https://registry.yarnpkg.com/taskgroup/-/taskgroup-7.10.0.tgz#deee7d583aa04b760f54552f70767d8bafeb660c"
  integrity sha512-/qw2A+QvYB2yreP6U49GauOH5hTsDzmHekNqLedx6bT6KWpF0AvMnJxwtIdpas4WgQWs+mrAKeQIjOHpl0iagw==
  dependencies:
    ambi "3"
    eachr "^4.5.0"
    extendr "^5.7.0"
    unbounded "3.4.0"

typechecker@7.5.0:
  version "7.5.0"
  resolved "https://registry.yarnpkg.com/typechecker/-/typechecker-7.5.0.tgz#7e70c7e8d5ea6fc7b2ba626ab91d87578c2e306e"
  integrity sha512-3rN7f/Tx7Ydg72sFl8Lrbl6sx4YGljmU/CVNr9Df6lRikYxd3H1HK03j+ZqE7ZS2WWOOn0YOACziAT8r+9O0fw==

typechecker@^4.3.0:
  version "4.11.0"
  resolved "https://registry.yarnpkg.com/typechecker/-/typechecker-4.11.0.tgz#8219cd90d2f7b585a3f5af9c146c8a23891f1eac"
  integrity sha512-lz39Mc/d1UBcF/uQFL5P8L+oWdIn/stvkUgHf0tPRW4aEwGGErewNXo2Nb6We2WslWifn00rhcHbbRWRcTGhuw==
  dependencies:
    editions "^2.2.0"

typechecker@^6.2.0:
  version "6.4.0"
  resolved "https://registry.yarnpkg.com/typechecker/-/typechecker-6.4.0.tgz#c087dc744c5a0f17524d58a17eb31a9660ab7324"
  integrity sha512-EbOu+9szY13mhl0EsvLXnR+pTCa3gTHQQPLdce72ujcC9fRHXlVFBNXtHeRhgzLxLlKUh4zA9C0tezLDgshf+A==

typechecker@^7.4.0:
  version "7.8.0"
  resolved "https://registry.yarnpkg.com/typechecker/-/typechecker-7.8.0.tgz#f4d0555a09b73d966d8706568ae8d2b52fd788a1"
  integrity sha512-AgM1axUw/u5i8dgMN09kX/2lnJ57qmq4vW1nrn43brFZmAxs8eeWvt21XeKudzC7u/m4i7il8FRKMSs11XmUkw==

unbounded@3.4.0:
  version "3.4.0"
  resolved "https://registry.yarnpkg.com/unbounded/-/unbounded-3.4.0.tgz#0e44520a5c3e5759fbf15ef32ead744046cd20a4"
  integrity sha512-d9LOcaNowWY9zEynpOzRCd7lpABqVD7svxkUBzZ6Va5QixAL0l3VjIXHwXli00ovHj19ABBcI9VeZYOke/hTsQ==

unbounded@^3.3.0:
  version "3.7.0"
  resolved "https://registry.yarnpkg.com/unbounded/-/unbounded-3.7.0.tgz#c1f8c97b5d173e7e7a1ff0349da00269c6fd9662"
  integrity sha512-gqIxGgyzb1krnJHGk2BkGUlDTDJRvogqi05hsWKyie0m67Hihqe3yYmeEnnPnQKI8tC4b3NR9/JjF3fWR4G/Kw==

valid-directory@^2.5.0:
  version "2.5.0"
  resolved "https://registry.yarnpkg.com/valid-directory/-/valid-directory-2.5.0.tgz#239cf39e5c05403d8b6fbd23aa45dc20c242035c"
  integrity sha512-j/cLzLu/7FHC1UQwExHfvqgh72j+a9goxxAOz07O1awWoMXiJymqVHJ4K7GVeeNhfZKwOaa548OnYgOVOeLMWw==
  dependencies:
    readdir-cluster "^3.5.0"
    valid-filename "^3.1.0"

valid-filename@^3.1.0:
  version "3.1.0"
  resolved "https://registry.yarnpkg.com/valid-filename/-/valid-filename-3.1.0.tgz#da8766b7714566c155cc36d985824a5e45db01f3"
  integrity sha512-O99sdfhdGCiWoN4cv6Unq4eJ2EuXwRsOLCeSw+IJyMYgwVK0BPmaUnzhWQw5E8qknLTVrVExCr6xxTBnRBvtsQ==
  dependencies:
    filename-reserved-regex "^2.0.0"

wordwrap@~0.0.2:
  version "0.0.3"
  resolved "https://registry.yarnpkg.com/wordwrap/-/wordwrap-0.0.3.tgz#a3d5da6cd5c0bc0008d37234bbaf1bed63059107"
  integrity sha1-o9XabNXAvAAI03I0u68b7WMFkQc=

wrappy@1:
  version "1.0.2"
  resolved "https://registry.yarnpkg.com/wrappy/-/wrappy-1.0.2.tgz#b5243d8f3ec1aa35f1364605bc0d1036e30ab69f"
  integrity sha1-tSQ9jz7BqjXxNkYFvA0QNuMKtp8=
